// !$*UTF8*$!
{
	archiveVersion = 1;
	classes = {
	};
	objectVersion = 46;
	objects = {

/* Begin PBXBuildFile section */
		820F2C761B7666DF00C07710 /* SylpHID.icns in Resources */ = {isa = PBXBuildFile; fileRef = 820F2C751B7666DF00C07710 /* SylpHID.icns */; };
		822239B81B6BFA5B00099615 /* FPAppBindingCells.h in Headers */ = {isa = PBXBuildFile; fileRef = 822239B41B6BFA5B00099615 /* FPAppBindingCells.h */; };
		822239B91B6BFA5B00099615 /* FPAppBindingCells.m in Sources */ = {isa = PBXBuildFile; fileRef = 822239B51B6BFA5B00099615 /* FPAppBindingCells.m */; };
		822239BA1B6BFA5B00099615 /* FPPopUpButtonCell.h in Headers */ = {isa = PBXBuildFile; fileRef = 822239B61B6BFA5B00099615 /* FPPopUpButtonCell.h */; };
		822239BB1B6BFA5B00099615 /* FPPopUpButtonCell.m in Sources */ = {isa = PBXBuildFile; fileRef = 822239B71B6BFA5B00099615 /* FPPopUpButtonCell.m */; };
		822239C41B6BFA6400099615 /* FPAnalogDigitalButton.h in Headers */ = {isa = PBXBuildFile; fileRef = 822239BC1B6BFA6400099615 /* FPAnalogDigitalButton.h */; };
		822239C51B6BFA6400099615 /* FPAnalogDigitalButton.m in Sources */ = {isa = PBXBuildFile; fileRef = 822239BD1B6BFA6400099615 /* FPAnalogDigitalButton.m */; };
		822239C61B6BFA6400099615 /* FPConfigPopUp.h in Headers */ = {isa = PBXBuildFile; fileRef = 822239BE1B6BFA6400099615 /* FPConfigPopUp.h */; };
		822239C71B6BFA6400099615 /* FPConfigPopUp.m in Sources */ = {isa = PBXBuildFile; fileRef = 822239BF1B6BFA6400099615 /* FPConfigPopUp.m */; };
		822239C81B6BFA6400099615 /* FPScrollerCredits.h in Headers */ = {isa = PBXBuildFile; fileRef = 822239C01B6BFA6400099615 /* FPScrollerCredits.h */; };
		822239C91B6BFA6400099615 /* FPScrollerCredits.m in Sources */ = {isa = PBXBuildFile; fileRef = 822239C11B6BFA6400099615 /* FPScrollerCredits.m */; };
		822239CA1B6BFA6400099615 /* FPTextCredits.h in Headers */ = {isa = PBXBuildFile; fileRef = 822239C21B6BFA6400099615 /* FPTextCredits.h */; };
		822239CB1B6BFA6400099615 /* FPTextCredits.m in Sources */ = {isa = PBXBuildFile; fileRef = 822239C31B6BFA6400099615 /* FPTextCredits.m */; };
		822239DE1B6BFA7200099615 /* FPAlertView.h in Headers */ = {isa = PBXBuildFile; fileRef = 822239CC1B6BFA7200099615 /* FPAlertView.h */; };
		822239DF1B6BFA7200099615 /* FPAlertView.m in Sources */ = {isa = PBXBuildFile; fileRef = 822239CD1B6BFA7200099615 /* FPAlertView.m */; };
		822239E01B6BFA7200099615 /* FPAppTableView.h in Headers */ = {isa = PBXBuildFile; fileRef = 822239CE1B6BFA7200099615 /* FPAppTableView.h */; };
		822239E11B6BFA7200099615 /* FPAppTableView.m in Sources */ = {isa = PBXBuildFile; fileRef = 822239CF1B6BFA7200099615 /* FPAppTableView.m */; };
		822239E21B6BFA7200099615 /* FPAxisPairView.h in Headers */ = {isa = PBXBuildFile; fileRef = 822239D01B6BFA7200099615 /* FPAxisPairView.h */; };
		822239E31B6BFA7200099615 /* FPAxisPairView.m in Sources */ = {isa = PBXBuildFile; fileRef = 822239D11B6BFA7200099615 /* FPAxisPairView.m */; };
		822239E41B6BFA7200099615 /* FPBoxLine.h in Headers */ = {isa = PBXBuildFile; fileRef = 822239D21B6BFA7200099615 /* FPBoxLine.h */; };
		822239E51B6BFA7200099615 /* FPBoxLine.m in Sources */ = {isa = PBXBuildFile; fileRef = 822239D31B6BFA7200099615 /* FPBoxLine.m */; };
		822239E61B6BFA7200099615 /* FPButtonView.h in Headers */ = {isa = PBXBuildFile; fileRef = 822239D41B6BFA7200099615 /* FPButtonView.h */; };
		822239E71B6BFA7200099615 /* FPButtonView.m in Sources */ = {isa = PBXBuildFile; fileRef = 822239D51B6BFA7200099615 /* FPButtonView.m */; };
		822239E81B6BFA7200099615 /* FPDpadView.h in Headers */ = {isa = PBXBuildFile; fileRef = 822239D61B6BFA7200099615 /* FPDpadView.h */; };
		822239E91B6BFA7200099615 /* FPDpadView.m in Sources */ = {isa = PBXBuildFile; fileRef = 822239D71B6BFA7200099615 /* FPDpadView.m */; };
		822239EA1B6BFA7200099615 /* FPImageView.h in Headers */ = {isa = PBXBuildFile; fileRef = 822239D81B6BFA7200099615 /* FPImageView.h */; };
		822239EB1B6BFA7200099615 /* FPImageView.m in Sources */ = {isa = PBXBuildFile; fileRef = 822239D91B6BFA7200099615 /* FPImageView.m */; };
		822239EC1B6BFA7200099615 /* FPLogoView.h in Headers */ = {isa = PBXBuildFile; fileRef = 822239DA1B6BFA7200099615 /* FPLogoView.h */; };
		822239ED1B6BFA7200099615 /* FPLogoView.m in Sources */ = {isa = PBXBuildFile; fileRef = 822239DB1B6BFA7200099615 /* FPLogoView.m */; };
		822239EE1B6BFA7200099615 /* FPTriggerView.h in Headers */ = {isa = PBXBuildFile; fileRef = 822239DC1B6BFA7200099615 /* FPTriggerView.h */; };
		822239EF1B6BFA7200099615 /* FPTriggerView.m in Sources */ = {isa = PBXBuildFile; fileRef = 822239DD1B6BFA7200099615 /* FPTriggerView.m */; };
		822239F31B6BFA9000099615 /* FPDataSourceApps.h in Headers */ = {isa = PBXBuildFile; fileRef = 822239F11B6BFA9000099615 /* FPDataSourceApps.h */; };
		822239F41B6BFA9000099615 /* FPDataSourceApps.m in Sources */ = {isa = PBXBuildFile; fileRef = 822239F21B6BFA9000099615 /* FPDataSourceApps.m */; };
		822239FB1B6BFAA300099615 /* FPHIDUtilities.h in Headers */ = {isa = PBXBuildFile; fileRef = 822239F51B6BFAA300099615 /* FPHIDUtilities.h */; };
		822239FC1B6BFAA300099615 /* FPHIDUtilities.m in Sources */ = {isa = PBXBuildFile; fileRef = 822239F61B6BFAA300099615 /* FPHIDUtilities.m */; };
		822239FD1B6BFAA300099615 /* FPSylpHIDNotifier.h in Headers */ = {isa = PBXBuildFile; fileRef = 822239F71B6BFAA300099615 /* FPSylpHIDNotifier.h */; };
		822239FE1B6BFAA300099615 /* FPSylpHIDNotifier.m in Sources */ = {isa = PBXBuildFile; fileRef = 822239F81B6BFAA300099615 /* FPSylpHIDNotifier.m */; };
		822239FF1B6BFAA300099615 /* FPSylpHIDPrefsPane.h in Headers */ = {isa = PBXBuildFile; fileRef = 822239F91B6BFAA300099615 /* FPSylpHIDPrefsPane.h */; };
		82223A001B6BFAA300099615 /* FPSylpHIDPrefsPane.m in Sources */ = {isa = PBXBuildFile; fileRef = 822239FA1B6BFAA300099615 /* FPSylpHIDPrefsPane.m */; };
		82223A041B6BFADB00099615 /* Prefix-PrefsPane.pch in Headers */ = {isa = PBXBuildFile; fileRef = 82223A031B6BFADB00099615 /* Prefix-PrefsPane.pch */; };
		82223A471B6C01BE00099615 /* Cocoa.framework in Frameworks */ = {isa = PBXBuildFile; fileRef = 82223A411B6C01BE00099615 /* Cocoa.framework */; };
		82223A4A1B6C01BE00099615 /* IOKit.framework in Frameworks */ = {isa = PBXBuildFile; fileRef = 82223A441B6C01BE00099615 /* IOKit.framework */; };
		82223A4B1B6C01BE00099615 /* PreferencePanes.framework in Frameworks */ = {isa = PBXBuildFile; fileRef = 82223A451B6C01BE00099615 /* PreferencePanes.framework */; };
		82223A631B6C078D00099615 /* MAAttachedWindow.h in Headers */ = {isa = PBXBuildFile; fileRef = 82223A611B6C078D00099615 /* MAAttachedWindow.h */; };
		82223A641B6C078D00099615 /* MAAttachedWindow.m in Sources */ = {isa = PBXBuildFile; fileRef = 82223A621B6C078D00099615 /* MAAttachedWindow.m */; };
		82223A691B6C079900099615 /* SMDoubleSlider.h in Headers */ = {isa = PBXBuildFile; fileRef = 82223A651B6C079900099615 /* SMDoubleSlider.h */; };
		82223A6A1B6C079900099615 /* SMDoubleSlider.m in Sources */ = {isa = PBXBuildFile; fileRef = 82223A661B6C079900099615 /* SMDoubleSlider.m */; };
		82223A6B1B6C079900099615 /* SMDoubleSliderCell.h in Headers */ = {isa = PBXBuildFile; fileRef = 82223A671B6C079900099615 /* SMDoubleSliderCell.h */; };
		82223A6C1B6C079900099615 /* SMDoubleSliderCell.m in Sources */ = {isa = PBXBuildFile; fileRef = 82223A681B6C079900099615 /* SMDoubleSliderCell.m */; };
		82223A731B6C090B00099615 /* FPSylpHIDDriverInterface.h in Headers */ = {isa = PBXBuildFile; fileRef = 82223A6E1B6C090B00099615 /* FPSylpHIDDriverInterface.h */; };
		82223A741B6C090B00099615 /* FPSylpHIDDriverInterface.m in Sources */ = {isa = PBXBuildFile; fileRef = 82223A6F1B6C090B00099615 /* FPSylpHIDDriverInterface.m */; };
		82223A751B6C090B00099615 /* FPSylpHIDDriverKeys.h in Headers */ = {isa = PBXBuildFile; fileRef = 82223A701B6C090B00099615 /* FPSylpHIDDriverKeys.h */; };
		82223A761B6C090B00099615 /* FPSylpHIDPrefsLoader.h in Headers */ = {isa = PBXBuildFile; fileRef = 82223A711B6C090B00099615 /* FPSylpHIDPrefsLoader.h */; };
		82223A771B6C090B00099615 /* FPSylpHIDPrefsLoader.m in Sources */ = {isa = PBXBuildFile; fileRef = 82223A721B6C090B00099615 /* FPSylpHIDPrefsLoader.m */; };
		824229651B78ABA600E0D9F6 /* Carbon.framework in Frameworks */ = {isa = PBXBuildFile; fileRef = 824229641B78ABA600E0D9F6 /* Carbon.framework */; };
		824229681B78C54200E0D9F6 /* SylpHID.xib in Resources */ = {isa = PBXBuildFile; fileRef = 824229661B78C54200E0D9F6 /* SylpHID.xib */; };
		824229801B78C55000E0D9F6 /* controller.png in Resources */ = {isa = PBXBuildFile; fileRef = 8242296A1B78C54F00E0D9F6 /* controller.png */; };
		824229811B78C55000E0D9F6 /* controllerButtonBack.png in Resources */ = {isa = PBXBuildFile; fileRef = 8242296B1B78C54F00E0D9F6 /* controllerButtonBack.png */; };
		824229821B78C55000E0D9F6 /* controllerButtonBlk.png in Resources */ = {isa = PBXBuildFile; fileRef = 8242296C1B78C54F00E0D9F6 /* controllerButtonBlk.png */; };
		824229831B78C55000E0D9F6 /* controllerButtonBlue.png in Resources */ = {isa = PBXBuildFile; fileRef = 8242296D1B78C54F00E0D9F6 /* controllerButtonBlue.png */; };
		824229841B78C55000E0D9F6 /* controllerButtonGreen.png in Resources */ = {isa = PBXBuildFile; fileRef = 8242296E1B78C54F00E0D9F6 /* controllerButtonGreen.png */; };
		824229851B78C55000E0D9F6 /* controllerButtonRed.png in Resources */ = {isa = PBXBuildFile; fileRef = 8242296F1B78C54F00E0D9F6 /* controllerButtonRed.png */; };
		824229861B78C55000E0D9F6 /* controllerButtonStart.png in Resources */ = {isa = PBXBuildFile; fileRef = 824229701B78C54F00E0D9F6 /* controllerButtonStart.png */; };
		824229871B78C55000E0D9F6 /* controllerButtonWht.png in Resources */ = {isa = PBXBuildFile; fileRef = 824229711B78C54F00E0D9F6 /* controllerButtonWht.png */; };
		824229881B78C55000E0D9F6 /* controllerButtonYellow.png in Resources */ = {isa = PBXBuildFile; fileRef = 824229721B78C54F00E0D9F6 /* controllerButtonYellow.png */; };
		824229891B78C55000E0D9F6 /* controllerStick.png in Resources */ = {isa = PBXBuildFile; fileRef = 824229731B78C54F00E0D9F6 /* controllerStick.png */; };
		8242298A1B78C55000E0D9F6 /* controllerTriggerLeft.png in Resources */ = {isa = PBXBuildFile; fileRef = 824229741B78C54F00E0D9F6 /* controllerTriggerLeft.png */; };
		8242298B1B78C55000E0D9F6 /* controllerTriggerRight.png in Resources */ = {isa = PBXBuildFile; fileRef = 824229751B78C54F00E0D9F6 /* controllerTriggerRight.png */; };
		8242298C1B78C55000E0D9F6 /* iconAppSmallTemplate.png in Resources */ = {isa = PBXBuildFile; fileRef = 824229761B78C55000E0D9F6 /* iconAppSmallTemplate.png */; };
		8242298D1B78C55000E0D9F6 /* iconAppTemplate.png in Resources */ = {isa = PBXBuildFile; fileRef = 824229771B78C55000E0D9F6 /* iconAppTemplate.png */; };
		8242298E1B78C55000E0D9F6 /* iconEditTemplate.png in Resources */ = {isa = PBXBuildFile; fileRef = 824229781B78C55000E0D9F6 /* iconEditTemplate.png */; };
		8242298F1B78C55000E0D9F6 /* iconUndoSmallTemplate.png in Resources */ = {isa = PBXBuildFile; fileRef = 824229791B78C55000E0D9F6 /* iconUndoSmallTemplate.png */; };
		824229901B78C55000E0D9F6 /* iconUndoTemplate.png in Resources */ = {isa = PBXBuildFile; fileRef = 8242297A1B78C55000E0D9F6 /* iconUndoTemplate.png */; };
		824229911B78C55000E0D9F6 /* iconUSBTemplate.png in Resources */ = {isa = PBXBuildFile; fileRef = 8242297B1B78C55000E0D9F6 /* iconUSBTemplate.png */; };
		824229921B78C55000E0D9F6 /* logoColors.png in Resources */ = {isa = PBXBuildFile; fileRef = 8242297C1B78C55000E0D9F6 /* logoColors.png */; };
		824229931B78C55000E0D9F6 /* logoOverlay.png in Resources */ = {isa = PBXBuildFile; fileRef = 8242297D1B78C55000E0D9F6 /* logoOverlay.png */; };
		824229941B78C55000E0D9F6 /* toggleAnalog.png in Resources */ = {isa = PBXBuildFile; fileRef = 8242297E1B78C55000E0D9F6 /* toggleAnalog.png */; };
		824229951B78C55000E0D9F6 /* toggleDigital.png in Resources */ = {isa = PBXBuildFile; fileRef = 8242297F1B78C55000E0D9F6 /* toggleDigital.png */; };
		824229981B78C55D00E0D9F6 /* credits.rtfd in Resources */ = {isa = PBXBuildFile; fileRef = 824229961B78C55D00E0D9F6 /* credits.rtfd */; };
		824229991B78C55D00E0D9F6 /* donate.rtf in Resources */ = {isa = PBXBuildFile; fileRef = 824229971B78C55D00E0D9F6 /* donate.rtf */; };
		82F04EFE1B77E40200F4F952 /* NSBezierPath+String.h in Headers */ = {isa = PBXBuildFile; fileRef = 82F04EFC1B77E40200F4F952 /* NSBezierPath+String.h */; };
		82F04EFF1B77E40200F4F952 /* NSBezierPath+String.m in Sources */ = {isa = PBXBuildFile; fileRef = 82F04EFD1B77E40200F4F952 /* NSBezierPath+String.m */; };
		82F04F021B77EE2300F4F952 /* FPInsetText.h in Headers */ = {isa = PBXBuildFile; fileRef = 82F04F001B77EE2300F4F952 /* FPInsetText.h */; };
		82F04F031B77EE2300F4F952 /* FPInsetText.m in Sources */ = {isa = PBXBuildFile; fileRef = 82F04F011B77EE2300F4F952 /* FPInsetText.m */; };
/* End PBXBuildFile section */

/* Begin PBXFileReference section */
		820F2C751B7666DF00C07710 /* SylpHID.icns */ = {isa = PBXFileReference; lastKnownFileType = image.icns; name = SylpHID.icns; path = ../Resources/SylpHID.icns; sourceTree = "<group>"; };
		822239B41B6BFA5B00099615 /* FPAppBindingCells.h */ = {isa = PBXFileReference; fileEncoding = 4; lastKnownFileType = sourcecode.c.h; name = FPAppBindingCells.h; path = "../Source/PrefsPane/Custom Cells/FPAppBindingCells.h"; sourceTree = SOURCE_ROOT; };
		822239B51B6BFA5B00099615 /* FPAppBindingCells.m */ = {isa = PBXFileReference; fileEncoding = 4; lastKnownFileType = sourcecode.c.objc; name = FPAppBindingCells.m; path = "../Source/PrefsPane/Custom Cells/FPAppBindingCells.m"; sourceTree = SOURCE_ROOT; };
		822239B61B6BFA5B00099615 /* FPPopUpButtonCell.h */ = {isa = PBXFileReference; fileEncoding = 4; lastKnownFileType = sourcecode.c.h; name = FPPopUpButtonCell.h; path = "../Source/PrefsPane/Custom Cells/FPPopUpButtonCell.h"; sourceTree = SOURCE_ROOT; };
		822239B71B6BFA5B00099615 /* FPPopUpButtonCell.m */ = {isa = PBXFileReference; fileEncoding = 4; lastKnownFileType = sourcecode.c.objc; name = FPPopUpButtonCell.m; path = "../Source/PrefsPane/Custom Cells/FPPopUpButtonCell.m"; sourceTree = SOURCE_ROOT; };
		822239BC1B6BFA6400099615 /* FPAnalogDigitalButton.h */ = {isa = PBXFileReference; fileEncoding = 4; lastKnownFileType = sourcecode.c.h; name = FPAnalogDigitalButton.h; path = "../Source/PrefsPane/Custom Controls/FPAnalogDigitalButton.h"; sourceTree = SOURCE_ROOT; };
		822239BD1B6BFA6400099615 /* FPAnalogDigitalButton.m */ = {isa = PBXFileReference; fileEncoding = 4; lastKnownFileType = sourcecode.c.objc; name = FPAnalogDigitalButton.m; path = "../Source/PrefsPane/Custom Controls/FPAnalogDigitalButton.m"; sourceTree = SOURCE_ROOT; };
		822239BE1B6BFA6400099615 /* FPConfigPopUp.h */ = {isa = PBXFileReference; fileEncoding = 4; lastKnownFileType = sourcecode.c.h; name = FPConfigPopUp.h; path = "../Source/PrefsPane/Custom Controls/FPConfigPopUp.h"; sourceTree = SOURCE_ROOT; };
		822239BF1B6BFA6400099615 /* FPConfigPopUp.m */ = {isa = PBXFileReference; fileEncoding = 4; lastKnownFileType = sourcecode.c.objc; name = FPConfigPopUp.m; path = "../Source/PrefsPane/Custom Controls/FPConfigPopUp.m"; sourceTree = SOURCE_ROOT; };
		822239C01B6BFA6400099615 /* FPScrollerCredits.h */ = {isa = PBXFileReference; fileEncoding = 4; lastKnownFileType = sourcecode.c.h; name = FPScrollerCredits.h; path = "../Source/PrefsPane/Custom Controls/FPScrollerCredits.h"; sourceTree = SOURCE_ROOT; };
		822239C11B6BFA6400099615 /* FPScrollerCredits.m */ = {isa = PBXFileReference; fileEncoding = 4; lastKnownFileType = sourcecode.c.objc; name = FPScrollerCredits.m; path = "../Source/PrefsPane/Custom Controls/FPScrollerCredits.m"; sourceTree = SOURCE_ROOT; };
		822239C21B6BFA6400099615 /* FPTextCredits.h */ = {isa = PBXFileReference; fileEncoding = 4; lastKnownFileType = sourcecode.c.h; name = FPTextCredits.h; path = "../Source/PrefsPane/Custom Controls/FPTextCredits.h"; sourceTree = SOURCE_ROOT; };
		822239C31B6BFA6400099615 /* FPTextCredits.m */ = {isa = PBXFileReference; fileEncoding = 4; lastKnownFileType = sourcecode.c.objc; name = FPTextCredits.m; path = "../Source/PrefsPane/Custom Controls/FPTextCredits.m"; sourceTree = SOURCE_ROOT; };
		822239CC1B6BFA7200099615 /* FPAlertView.h */ = {isa = PBXFileReference; fileEncoding = 4; lastKnownFileType = sourcecode.c.h; name = FPAlertView.h; path = "../Source/PrefsPane/Custom Views/FPAlertView.h"; sourceTree = SOURCE_ROOT; };
		822239CD1B6BFA7200099615 /* FPAlertView.m */ = {isa = PBXFileReference; fileEncoding = 4; lastKnownFileType = sourcecode.c.objc; name = FPAlertView.m; path = "../Source/PrefsPane/Custom Views/FPAlertView.m"; sourceTree = SOURCE_ROOT; };
		822239CE1B6BFA7200099615 /* FPAppTableView.h */ = {isa = PBXFileReference; fileEncoding = 4; lastKnownFileType = sourcecode.c.h; name = FPAppTableView.h; path = "../Source/PrefsPane/Custom Views/FPAppTableView.h"; sourceTree = SOURCE_ROOT; };
		822239CF1B6BFA7200099615 /* FPAppTableView.m */ = {isa = PBXFileReference; fileEncoding = 4; lastKnownFileType = sourcecode.c.objc; name = FPAppTableView.m; path = "../Source/PrefsPane/Custom Views/FPAppTableView.m"; sourceTree = SOURCE_ROOT; };
		822239D01B6BFA7200099615 /* FPAxisPairView.h */ = {isa = PBXFileReference; fileEncoding = 4; lastKnownFileType = sourcecode.c.h; name = FPAxisPairView.h; path = "../Source/PrefsPane/Custom Views/FPAxisPairView.h"; sourceTree = SOURCE_ROOT; };
		822239D11B6BFA7200099615 /* FPAxisPairView.m */ = {isa = PBXFileReference; fileEncoding = 4; lastKnownFileType = sourcecode.c.objc; name = FPAxisPairView.m; path = "../Source/PrefsPane/Custom Views/FPAxisPairView.m"; sourceTree = SOURCE_ROOT; };
		822239D21B6BFA7200099615 /* FPBoxLine.h */ = {isa = PBXFileReference; fileEncoding = 4; lastKnownFileType = sourcecode.c.h; name = FPBoxLine.h; path = "../Source/PrefsPane/Custom Views/FPBoxLine.h"; sourceTree = SOURCE_ROOT; };
		822239D31B6BFA7200099615 /* FPBoxLine.m */ = {isa = PBXFileReference; fileEncoding = 4; lastKnownFileType = sourcecode.c.objc; name = FPBoxLine.m; path = "../Source/PrefsPane/Custom Views/FPBoxLine.m"; sourceTree = SOURCE_ROOT; };
		822239D41B6BFA7200099615 /* FPButtonView.h */ = {isa = PBXFileReference; fileEncoding = 4; lastKnownFileType = sourcecode.c.h; name = FPButtonView.h; path = "../Source/PrefsPane/Custom Views/FPButtonView.h"; sourceTree = SOURCE_ROOT; };
		822239D51B6BFA7200099615 /* FPButtonView.m */ = {isa = PBXFileReference; fileEncoding = 4; lastKnownFileType = sourcecode.c.objc; name = FPButtonView.m; path = "../Source/PrefsPane/Custom Views/FPButtonView.m"; sourceTree = SOURCE_ROOT; };
		822239D61B6BFA7200099615 /* FPDpadView.h */ = {isa = PBXFileReference; fileEncoding = 4; lastKnownFileType = sourcecode.c.h; name = FPDpadView.h; path = "../Source/PrefsPane/Custom Views/FPDpadView.h"; sourceTree = SOURCE_ROOT; };
		822239D71B6BFA7200099615 /* FPDpadView.m */ = {isa = PBXFileReference; fileEncoding = 4; lastKnownFileType = sourcecode.c.objc; name = FPDpadView.m; path = "../Source/PrefsPane/Custom Views/FPDpadView.m"; sourceTree = SOURCE_ROOT; };
		822239D81B6BFA7200099615 /* FPImageView.h */ = {isa = PBXFileReference; fileEncoding = 4; lastKnownFileType = sourcecode.c.h; name = FPImageView.h; path = "../Source/PrefsPane/Custom Views/FPImageView.h"; sourceTree = SOURCE_ROOT; };
		822239D91B6BFA7200099615 /* FPImageView.m */ = {isa = PBXFileReference; fileEncoding = 4; lastKnownFileType = sourcecode.c.objc; name = FPImageView.m; path = "../Source/PrefsPane/Custom Views/FPImageView.m"; sourceTree = SOURCE_ROOT; };
		822239DA1B6BFA7200099615 /* FPLogoView.h */ = {isa = PBXFileReference; fileEncoding = 4; lastKnownFileType = sourcecode.c.h; name = FPLogoView.h; path = "../Source/PrefsPane/Custom Views/FPLogoView.h"; sourceTree = SOURCE_ROOT; };
		822239DB1B6BFA7200099615 /* FPLogoView.m */ = {isa = PBXFileReference; fileEncoding = 4; lastKnownFileType = sourcecode.c.objc; name = FPLogoView.m; path = "../Source/PrefsPane/Custom Views/FPLogoView.m"; sourceTree = SOURCE_ROOT; };
		822239DC1B6BFA7200099615 /* FPTriggerView.h */ = {isa = PBXFileReference; fileEncoding = 4; lastKnownFileType = sourcecode.c.h; name = FPTriggerView.h; path = "../Source/PrefsPane/Custom Views/FPTriggerView.h"; sourceTree = SOURCE_ROOT; };
		822239DD1B6BFA7200099615 /* FPTriggerView.m */ = {isa = PBXFileReference; fileEncoding = 4; lastKnownFileType = sourcecode.c.objc; name = FPTriggerView.m; path = "../Source/PrefsPane/Custom Views/FPTriggerView.m"; sourceTree = SOURCE_ROOT; };
		822239F11B6BFA9000099615 /* FPDataSourceApps.h */ = {isa = PBXFileReference; fileEncoding = 4; lastKnownFileType = sourcecode.c.h; name = FPDataSourceApps.h; path = "../Source/PrefsPane/Data Source/FPDataSourceApps.h"; sourceTree = SOURCE_ROOT; };
		822239F21B6BFA9000099615 /* FPDataSourceApps.m */ = {isa = PBXFileReference; fileEncoding = 4; lastKnownFileType = sourcecode.c.objc; name = FPDataSourceApps.m; path = "../Source/PrefsPane/Data Source/FPDataSourceApps.m"; sourceTree = SOURCE_ROOT; };
		822239F51B6BFAA300099615 /* FPHIDUtilities.h */ = {isa = PBXFileReference; fileEncoding = 4; lastKnownFileType = sourcecode.c.h; name = FPHIDUtilities.h; path = ../Source/PrefsPane/FPHIDUtilities.h; sourceTree = SOURCE_ROOT; };
		822239F61B6BFAA300099615 /* FPHIDUtilities.m */ = {isa = PBXFileReference; fileEncoding = 4; lastKnownFileType = sourcecode.c.objc; name = FPHIDUtilities.m; path = ../Source/PrefsPane/FPHIDUtilities.m; sourceTree = SOURCE_ROOT; };
		822239F71B6BFAA300099615 /* FPSylpHIDNotifier.h */ = {isa = PBXFileReference; fileEncoding = 4; lastKnownFileType = sourcecode.c.h; name = FPSylpHIDNotifier.h; path = ../Source/PrefsPane/FPSylpHIDNotifier.h; sourceTree = SOURCE_ROOT; };
		822239F81B6BFAA300099615 /* FPSylpHIDNotifier.m */ = {isa = PBXFileReference; fileEncoding = 4; lastKnownFileType = sourcecode.c.objc; name = FPSylpHIDNotifier.m; path = ../Source/PrefsPane/FPSylpHIDNotifier.m; sourceTree = SOURCE_ROOT; };
		822239F91B6BFAA300099615 /* FPSylpHIDPrefsPane.h */ = {isa = PBXFileReference; fileEncoding = 4; lastKnownFileType = sourcecode.c.h; name = FPSylpHIDPrefsPane.h; path = ../Source/PrefsPane/FPSylpHIDPrefsPane.h; sourceTree = SOURCE_ROOT; };
		822239FA1B6BFAA300099615 /* FPSylpHIDPrefsPane.m */ = {isa = PBXFileReference; fileEncoding = 4; lastKnownFileType = sourcecode.c.objc; name = FPSylpHIDPrefsPane.m; path = ../Source/PrefsPane/FPSylpHIDPrefsPane.m; sourceTree = SOURCE_ROOT; };
		82223A011B6BFAD200099615 /* Info-PrefsPane.plist */ = {isa = PBXFileReference; fileEncoding = 4; lastKnownFileType = text.plist.xml; name = "Info-PrefsPane.plist"; path = "Supporting Files/Info-PrefsPane.plist"; sourceTree = SOURCE_ROOT; };
		82223A031B6BFADB00099615 /* Prefix-PrefsPane.pch */ = {isa = PBXFileReference; fileEncoding = 4; lastKnownFileType = sourcecode.c.h; name = "Prefix-PrefsPane.pch"; path = "Supporting Files/Prefix-PrefsPane.pch"; sourceTree = SOURCE_ROOT; };
		82223A411B6C01BE00099615 /* Cocoa.framework */ = {isa = PBXFileReference; lastKnownFileType = wrapper.framework; name = Cocoa.framework; path = System/Library/Frameworks/Cocoa.framework; sourceTree = SDKROOT; };
		82223A431B6C01BE00099615 /* Foundation.framework */ = {isa = PBXFileReference; lastKnownFileType = wrapper.framework; name = Foundation.framework; path = System/Library/Frameworks/Foundation.framework; sourceTree = SDKROOT; };
		82223A441B6C01BE00099615 /* IOKit.framework */ = {isa = PBXFileReference; lastKnownFileType = wrapper.framework; name = IOKit.framework; path = System/Library/Frameworks/IOKit.framework; sourceTree = SDKROOT; };
		82223A451B6C01BE00099615 /* PreferencePanes.framework */ = {isa = PBXFileReference; lastKnownFileType = wrapper.framework; name = PreferencePanes.framework; path = System/Library/Frameworks/PreferencePanes.framework; sourceTree = SDKROOT; };
		82223A611B6C078D00099615 /* MAAttachedWindow.h */ = {isa = PBXFileReference; fileEncoding = 4; lastKnownFileType = sourcecode.c.h; name = MAAttachedWindow.h; path = ../Source/External/MAAttachedWindow/MAAttachedWindow.h; sourceTree = SOURCE_ROOT; };
		82223A621B6C078D00099615 /* MAAttachedWindow.m */ = {isa = PBXFileReference; fileEncoding = 4; lastKnownFileType = sourcecode.c.objc; name = MAAttachedWindow.m; path = ../Source/External/MAAttachedWindow/MAAttachedWindow.m; sourceTree = SOURCE_ROOT; };
		82223A651B6C079900099615 /* SMDoubleSlider.h */ = {isa = PBXFileReference; fileEncoding = 4; lastKnownFileType = sourcecode.c.h; name = SMDoubleSlider.h; path = ../Source/External/SMDoubleSlider/Framework_code/SMDoubleSlider.h; sourceTree = SOURCE_ROOT; };
		82223A661B6C079900099615 /* SMDoubleSlider.m */ = {isa = PBXFileReference; fileEncoding = 4; lastKnownFileType = sourcecode.c.objc; name = SMDoubleSlider.m; path = ../Source/External/SMDoubleSlider/Framework_code/SMDoubleSlider.m; sourceTree = SOURCE_ROOT; };
		82223A671B6C079900099615 /* SMDoubleSliderCell.h */ = {isa = PBXFileReference; fileEncoding = 4; lastKnownFileType = sourcecode.c.h; name = SMDoubleSliderCell.h; path = ../Source/External/SMDoubleSlider/Framework_code/SMDoubleSliderCell.h; sourceTree = SOURCE_ROOT; };
		82223A681B6C079900099615 /* SMDoubleSliderCell.m */ = {isa = PBXFileReference; fileEncoding = 4; lastKnownFileType = sourcecode.c.objc; name = SMDoubleSliderCell.m; path = ../Source/External/SMDoubleSlider/Framework_code/SMDoubleSliderCell.m; sourceTree = SOURCE_ROOT; };
		82223A6E1B6C090B00099615 /* FPSylpHIDDriverInterface.h */ = {isa = PBXFileReference; fileEncoding = 4; lastKnownFileType = sourcecode.c.h; name = FPSylpHIDDriverInterface.h; path = ../Source/Common/FPSylpHIDDriverInterface.h; sourceTree = "<group>"; };
		82223A6F1B6C090B00099615 /* FPSylpHIDDriverInterface.m */ = {isa = PBXFileReference; fileEncoding = 4; lastKnownFileType = sourcecode.c.objc; name = FPSylpHIDDriverInterface.m; path = ../Source/Common/FPSylpHIDDriverInterface.m; sourceTree = "<group>"; };
		82223A701B6C090B00099615 /* FPSylpHIDDriverKeys.h */ = {isa = PBXFileReference; fileEncoding = 4; lastKnownFileType = sourcecode.c.h; name = FPSylpHIDDriverKeys.h; path = ../Source/Common/FPSylpHIDDriverKeys.h; sourceTree = "<group>"; };
		82223A711B6C090B00099615 /* FPSylpHIDPrefsLoader.h */ = {isa = PBXFileReference; fileEncoding = 4; lastKnownFileType = sourcecode.c.h; name = FPSylpHIDPrefsLoader.h; path = ../Source/Common/FPSylpHIDPrefsLoader.h; sourceTree = "<group>"; };
		82223A721B6C090B00099615 /* FPSylpHIDPrefsLoader.m */ = {isa = PBXFileReference; fileEncoding = 4; lastKnownFileType = sourcecode.c.objc; name = FPSylpHIDPrefsLoader.m; path = ../Source/Common/FPSylpHIDPrefsLoader.m; sourceTree = "<group>"; };
		824229641B78ABA600E0D9F6 /* Carbon.framework */ = {isa = PBXFileReference; lastKnownFileType = wrapper.framework; name = Carbon.framework; path = System/Library/Frameworks/Carbon.framework; sourceTree = SDKROOT; };
		824229671B78C54200E0D9F6 /* en */ = {isa = PBXFileReference; lastKnownFileType = file.xib; name = en; path = ../Resources/PrefsPane/en.lproj/SylpHID.xib; sourceTree = "<group>"; };
		8242296A1B78C54F00E0D9F6 /* controller.png */ = {isa = PBXFileReference; lastKnownFileType = image.png; path = controller.png; sourceTree = "<group>"; };
		8242296B1B78C54F00E0D9F6 /* controllerButtonBack.png */ = {isa = PBXFileReference; lastKnownFileType = image.png; path = controllerButtonBack.png; sourceTree = "<group>"; };
		8242296C1B78C54F00E0D9F6 /* controllerButtonBlk.png */ = {isa = PBXFileReference; lastKnownFileType = image.png; path = controllerButtonBlk.png; sourceTree = "<group>"; };
		8242296D1B78C54F00E0D9F6 /* controllerButtonBlue.png */ = {isa = PBXFileReference; lastKnownFileType = image.png; path = controllerButtonBlue.png; sourceTree = "<group>"; };
		8242296E1B78C54F00E0D9F6 /* controllerButtonGreen.png */ = {isa = PBXFileReference; lastKnownFileType = image.png; path = controllerButtonGreen.png; sourceTree = "<group>"; };
		8242296F1B78C54F00E0D9F6 /* controllerButtonRed.png */ = {isa = PBXFileReference; lastKnownFileType = image.png; path = controllerButtonRed.png; sourceTree = "<group>"; };
		824229701B78C54F00E0D9F6 /* controllerButtonStart.png */ = {isa = PBXFileReference; lastKnownFileType = image.png; path = controllerButtonStart.png; sourceTree = "<group>"; };
		824229711B78C54F00E0D9F6 /* controllerButtonWht.png */ = {isa = PBXFileReference; lastKnownFileType = image.png; path = controllerButtonWht.png; sourceTree = "<group>"; };
		824229721B78C54F00E0D9F6 /* controllerButtonYellow.png */ = {isa = PBXFileReference; lastKnownFileType = image.png; path = controllerButtonYellow.png; sourceTree = "<group>"; };
		824229731B78C54F00E0D9F6 /* controllerStick.png */ = {isa = PBXFileReference; lastKnownFileType = image.png; path = controllerStick.png; sourceTree = "<group>"; };
		824229741B78C54F00E0D9F6 /* controllerTriggerLeft.png */ = {isa = PBXFileReference; lastKnownFileType = image.png; path = controllerTriggerLeft.png; sourceTree = "<group>"; };
		824229751B78C54F00E0D9F6 /* controllerTriggerRight.png */ = {isa = PBXFileReference; lastKnownFileType = image.png; path = controllerTriggerRight.png; sourceTree = "<group>"; };
		824229761B78C55000E0D9F6 /* iconAppSmallTemplate.png */ = {isa = PBXFileReference; lastKnownFileType = image.png; path = iconAppSmallTemplate.png; sourceTree = "<group>"; };
		824229771B78C55000E0D9F6 /* iconAppTemplate.png */ = {isa = PBXFileReference; lastKnownFileType = image.png; path = iconAppTemplate.png; sourceTree = "<group>"; };
		824229781B78C55000E0D9F6 /* iconEditTemplate.png */ = {isa = PBXFileReference; lastKnownFileType = image.png; path = iconEditTemplate.png; sourceTree = "<group>"; };
		824229791B78C55000E0D9F6 /* iconUndoSmallTemplate.png */ = {isa = PBXFileReference; lastKnownFileType = image.png; path = iconUndoSmallTemplate.png; sourceTree = "<group>"; };
		8242297A1B78C55000E0D9F6 /* iconUndoTemplate.png */ = {isa = PBXFileReference; lastKnownFileType = image.png; path = iconUndoTemplate.png; sourceTree = "<group>"; };
		8242297B1B78C55000E0D9F6 /* iconUSBTemplate.png */ = {isa = PBXFileReference; lastKnownFileType = image.png; path = iconUSBTemplate.png; sourceTree = "<group>"; };
		8242297C1B78C55000E0D9F6 /* logoColors.png */ = {isa = PBXFileReference; lastKnownFileType = image.png; path = logoColors.png; sourceTree = "<group>"; };
		8242297D1B78C55000E0D9F6 /* logoOverlay.png */ = {isa = PBXFileReference; lastKnownFileType = image.png; path = logoOverlay.png; sourceTree = "<group>"; };
		8242297E1B78C55000E0D9F6 /* toggleAnalog.png */ = {isa = PBXFileReference; lastKnownFileType = image.png; path = toggleAnalog.png; sourceTree = "<group>"; };
		8242297F1B78C55000E0D9F6 /* toggleDigital.png */ = {isa = PBXFileReference; lastKnownFileType = image.png; path = toggleDigital.png; sourceTree = "<group>"; };
		824229961B78C55D00E0D9F6 /* credits.rtfd */ = {isa = PBXFileReference; lastKnownFileType = wrapper.rtfd; name = credits.rtfd; path = ../Resources/PrefsPane/credits.rtfd; sourceTree = "<group>"; };
		824229971B78C55D00E0D9F6 /* donate.rtf */ = {isa = PBXFileReference; fileEncoding = 4; lastKnownFileType = text.rtf; name = donate.rtf; path = ../Resources/PrefsPane/donate.rtf; sourceTree = "<group>"; };
		82A0B3E71B6BD80C00653468 /* SylpHID.prefPane */ = {isa = PBXFileReference; explicitFileType = wrapper.cfbundle; includeInIndex = 0; path = SylpHID.prefPane; sourceTree = BUILT_PRODUCTS_DIR; };
		82F04EFC1B77E40200F4F952 /* NSBezierPath+String.h */ = {isa = PBXFileReference; fileEncoding = 4; lastKnownFileType = sourcecode.c.h; path = "NSBezierPath+String.h"; sourceTree = "<group>"; };
		82F04EFD1B77E40200F4F952 /* NSBezierPath+String.m */ = {isa = PBXFileReference; fileEncoding = 4; lastKnownFileType = sourcecode.c.objc; path = "NSBezierPath+String.m"; sourceTree = "<group>"; };
		82F04F001B77EE2300F4F952 /* FPInsetText.h */ = {isa = PBXFileReference; fileEncoding = 4; lastKnownFileType = sourcecode.c.h; name = FPInsetText.h; path = "../Source/PrefsPane/Custom Controls/FPInsetText.h"; sourceTree = "<group>"; };
		82F04F011B77EE2300F4F952 /* FPInsetText.m */ = {isa = PBXFileReference; fileEncoding = 4; lastKnownFileType = sourcecode.c.objc; name = FPInsetText.m; path = "../Source/PrefsPane/Custom Controls/FPInsetText.m"; sourceTree = "<group>"; };
/* End PBXFileReference section */

/* Begin PBXFrameworksBuildPhase section */
		82A0B3E31B6BD80C00653468 /* Frameworks */ = {
			isa = PBXFrameworksBuildPhase;
			buildActionMask = 2147483647;
			files = (
				824229651B78ABA600E0D9F6 /* Carbon.framework in Frameworks */,
				82223A471B6C01BE00099615 /* Cocoa.framework in Frameworks */,
				82223A4A1B6C01BE00099615 /* IOKit.framework in Frameworks */,
				82223A4B1B6C01BE00099615 /* PreferencePanes.framework in Frameworks */,
			);
			runOnlyForDeploymentPostprocessing = 0;
		};
/* End PBXFrameworksBuildPhase section */

/* Begin PBXGroup section */
		822239B01B6BFA1F00099615 /* User Interface */ = {
			isa = PBXGroup;
			children = (
				824229661B78C54200E0D9F6 /* SylpHID.xib */,
				822239B11B6BFA3300099615 /* Custom Controls */,
				822239B21B6BFA3D00099615 /* Custom Cells */,
				822239B31B6BFA4300099615 /* Custom Views */,
				82223A5E1B6C074400099615 /* Externals */,
			);
			name = "User Interface";
			sourceTree = "<group>";
		};
		822239B11B6BFA3300099615 /* Custom Controls */ = {
			isa = PBXGroup;
			children = (
				822239BC1B6BFA6400099615 /* FPAnalogDigitalButton.h */,
				822239BD1B6BFA6400099615 /* FPAnalogDigitalButton.m */,
				822239BE1B6BFA6400099615 /* FPConfigPopUp.h */,
				822239BF1B6BFA6400099615 /* FPConfigPopUp.m */,
				822239C01B6BFA6400099615 /* FPScrollerCredits.h */,
				822239C11B6BFA6400099615 /* FPScrollerCredits.m */,
				822239C21B6BFA6400099615 /* FPTextCredits.h */,
				822239C31B6BFA6400099615 /* FPTextCredits.m */,
				82F04F001B77EE2300F4F952 /* FPInsetText.h */,
				82F04F011B77EE2300F4F952 /* FPInsetText.m */,
			);
			name = "Custom Controls";
			sourceTree = "<group>";
		};
		822239B21B6BFA3D00099615 /* Custom Cells */ = {
			isa = PBXGroup;
			children = (
				822239B41B6BFA5B00099615 /* FPAppBindingCells.h */,
				822239B51B6BFA5B00099615 /* FPAppBindingCells.m */,
				822239B61B6BFA5B00099615 /* FPPopUpButtonCell.h */,
				822239B71B6BFA5B00099615 /* FPPopUpButtonCell.m */,
			);
			name = "Custom Cells";
			sourceTree = "<group>";
		};
		822239B31B6BFA4300099615 /* Custom Views */ = {
			isa = PBXGroup;
			children = (
				822239CC1B6BFA7200099615 /* FPAlertView.h */,
				822239CD1B6BFA7200099615 /* FPAlertView.m */,
				822239CE1B6BFA7200099615 /* FPAppTableView.h */,
				822239CF1B6BFA7200099615 /* FPAppTableView.m */,
				822239D01B6BFA7200099615 /* FPAxisPairView.h */,
				822239D11B6BFA7200099615 /* FPAxisPairView.m */,
				822239D21B6BFA7200099615 /* FPBoxLine.h */,
				822239D31B6BFA7200099615 /* FPBoxLine.m */,
				822239D41B6BFA7200099615 /* FPButtonView.h */,
				822239D51B6BFA7200099615 /* FPButtonView.m */,
				822239D61B6BFA7200099615 /* FPDpadView.h */,
				822239D71B6BFA7200099615 /* FPDpadView.m */,
				822239D81B6BFA7200099615 /* FPImageView.h */,
				822239D91B6BFA7200099615 /* FPImageView.m */,
				822239DA1B6BFA7200099615 /* FPLogoView.h */,
				822239DB1B6BFA7200099615 /* FPLogoView.m */,
				822239DC1B6BFA7200099615 /* FPTriggerView.h */,
				822239DD1B6BFA7200099615 /* FPTriggerView.m */,
			);
			name = "Custom Views";
			sourceTree = "<group>";
		};
		822239F01B6BFA7C00099615 /* Data Source */ = {
			isa = PBXGroup;
			children = (
				822239F11B6BFA9000099615 /* FPDataSourceApps.h */,
				822239F21B6BFA9000099615 /* FPDataSourceApps.m */,
			);
			name = "Data Source";
			sourceTree = "<group>";
		};
		82223A091B6BFAFC00099615 /* Resources */ = {
			isa = PBXGroup;
			children = (
				824229691B78C54F00E0D9F6 /* Images */,
				824229961B78C55D00E0D9F6 /* credits.rtfd */,
				824229971B78C55D00E0D9F6 /* donate.rtf */,
				820F2C751B7666DF00C07710 /* SylpHID.icns */,
			);
			name = Resources;
			sourceTree = "<group>";
		};
		82223A3F1B6C017600099615 /* Frameworks */ = {
			isa = PBXGroup;
			children = (
				824229641B78ABA600E0D9F6 /* Carbon.framework */,
				82223A411B6C01BE00099615 /* Cocoa.framework */,
				82223A431B6C01BE00099615 /* Foundation.framework */,
				82223A441B6C01BE00099615 /* IOKit.framework */,
				82223A451B6C01BE00099615 /* PreferencePanes.framework */,
			);
			name = Frameworks;
			path = SylpHID;
			sourceTree = "<group>";
		};
		82223A5E1B6C074400099615 /* Externals */ = {
			isa = PBXGroup;
			children = (
				82223A5F1B6C077700099615 /* MAAttachedWindow */,
				82223A601B6C078000099615 /* SMDoubleSlider */,
			);
			name = Externals;
			sourceTree = "<group>";
		};
		82223A5F1B6C077700099615 /* MAAttachedWindow */ = {
			isa = PBXGroup;
			children = (
				82223A611B6C078D00099615 /* MAAttachedWindow.h */,
				82223A621B6C078D00099615 /* MAAttachedWindow.m */,
			);
			name = MAAttachedWindow;
			sourceTree = "<group>";
		};
		82223A601B6C078000099615 /* SMDoubleSlider */ = {
			isa = PBXGroup;
			children = (
				82223A651B6C079900099615 /* SMDoubleSlider.h */,
				82223A661B6C079900099615 /* SMDoubleSlider.m */,
				82223A671B6C079900099615 /* SMDoubleSliderCell.h */,
				82223A681B6C079900099615 /* SMDoubleSliderCell.m */,
			);
			name = SMDoubleSlider;
			sourceTree = "<group>";
		};
		82223A6D1B6C08EF00099615 /* Common */ = {
			isa = PBXGroup;
			children = (
				82223A701B6C090B00099615 /* FPSylpHIDDriverKeys.h */,
				82223A6E1B6C090B00099615 /* FPSylpHIDDriverInterface.h */,
				82223A6F1B6C090B00099615 /* FPSylpHIDDriverInterface.m */,
				82223A711B6C090B00099615 /* FPSylpHIDPrefsLoader.h */,
				82223A721B6C090B00099615 /* FPSylpHIDPrefsLoader.m */,
			);
			name = Common;
			sourceTree = "<group>";
		};
		824229691B78C54F00E0D9F6 /* Images */ = {
			isa = PBXGroup;
			children = (
				8242296A1B78C54F00E0D9F6 /* controller.png */,
				8242296B1B78C54F00E0D9F6 /* controllerButtonBack.png */,
				8242296C1B78C54F00E0D9F6 /* controllerButtonBlk.png */,
				8242296D1B78C54F00E0D9F6 /* controllerButtonBlue.png */,
				8242296E1B78C54F00E0D9F6 /* controllerButtonGreen.png */,
				8242296F1B78C54F00E0D9F6 /* controllerButtonRed.png */,
				824229701B78C54F00E0D9F6 /* controllerButtonStart.png */,
				824229711B78C54F00E0D9F6 /* controllerButtonWht.png */,
				824229721B78C54F00E0D9F6 /* controllerButtonYellow.png */,
				824229731B78C54F00E0D9F6 /* controllerStick.png */,
				824229741B78C54F00E0D9F6 /* controllerTriggerLeft.png */,
				824229751B78C54F00E0D9F6 /* controllerTriggerRight.png */,
				824229761B78C55000E0D9F6 /* iconAppSmallTemplate.png */,
				824229771B78C55000E0D9F6 /* iconAppTemplate.png */,
				824229781B78C55000E0D9F6 /* iconEditTemplate.png */,
				824229791B78C55000E0D9F6 /* iconUndoSmallTemplate.png */,
				8242297A1B78C55000E0D9F6 /* iconUndoTemplate.png */,
				8242297B1B78C55000E0D9F6 /* iconUSBTemplate.png */,
				8242297C1B78C55000E0D9F6 /* logoColors.png */,
				8242297D1B78C55000E0D9F6 /* logoOverlay.png */,
				8242297E1B78C55000E0D9F6 /* toggleAnalog.png */,
				8242297F1B78C55000E0D9F6 /* toggleDigital.png */,
			);
			name = Images;
			path = ../Resources/PrefsPane/Images;
			sourceTree = "<group>";
		};
		82A0B3DD1B6BD80C00653468 = {
			isa = PBXGroup;
			children = (
				82A0B3E91B6BD80C00653468 /* Prefs Pane */,
				82223A6D1B6C08EF00099615 /* Common */,
				822239F01B6BFA7C00099615 /* Data Source */,
				82F04EFB1B77E40200F4F952 /* Extensions */,
				822239B01B6BFA1F00099615 /* User Interface */,
				82223A091B6BFAFC00099615 /* Resources */,
				82A0B3EA1B6BD80C00653468 /* Supporting Files */,
				82223A3F1B6C017600099615 /* Frameworks */,
				82A0B3E81B6BD80C00653468 /* Products */,
			);
			sourceTree = "<group>";
		};
		82A0B3E81B6BD80C00653468 /* Products */ = {
			isa = PBXGroup;
			children = (
				82A0B3E71B6BD80C00653468 /* SylpHID.prefPane */,
			);
			name = Products;
			sourceTree = "<group>";
		};
		82A0B3E91B6BD80C00653468 /* Prefs Pane */ = {
			isa = PBXGroup;
			children = (
				822239F51B6BFAA300099615 /* FPHIDUtilities.h */,
				822239F61B6BFAA300099615 /* FPHIDUtilities.m */,
				822239F71B6BFAA300099615 /* FPSylpHIDNotifier.h */,
				822239F81B6BFAA300099615 /* FPSylpHIDNotifier.m */,
				822239F91B6BFAA300099615 /* FPSylpHIDPrefsPane.h */,
				822239FA1B6BFAA300099615 /* FPSylpHIDPrefsPane.m */,
			);
			name = "Prefs Pane";
			path = SylpHID;
			sourceTree = "<group>";
		};
		82A0B3EA1B6BD80C00653468 /* Supporting Files */ = {
			isa = PBXGroup;
			children = (
				82223A011B6BFAD200099615 /* Info-PrefsPane.plist */,
				82223A031B6BFADB00099615 /* Prefix-PrefsPane.pch */,
			);
			name = "Supporting Files";
			path = SylpHID;
			sourceTree = "<group>";
		};
		82F04EFB1B77E40200F4F952 /* Extensions */ = {
			isa = PBXGroup;
			children = (
				82F04EFC1B77E40200F4F952 /* NSBezierPath+String.h */,
				82F04EFD1B77E40200F4F952 /* NSBezierPath+String.m */,
			);
			name = Extensions;
			path = ../Source/PrefsPane/Extensions;
			sourceTree = "<group>";
		};
/* End PBXGroup section */

/* Begin PBXHeadersBuildPhase section */
		82A0B3E41B6BD80C00653468 /* Headers */ = {
			isa = PBXHeadersBuildPhase;
			buildActionMask = 2147483647;
			files = (
				822239B81B6BFA5B00099615 /* FPAppBindingCells.h in Headers */,
				82223A731B6C090B00099615 /* FPSylpHIDDriverInterface.h in Headers */,
				822239FB1B6BFAA300099615 /* FPHIDUtilities.h in Headers */,
				82223A6B1B6C079900099615 /* SMDoubleSliderCell.h in Headers */,
				822239EC1B6BFA7200099615 /* FPLogoView.h in Headers */,
				822239BA1B6BFA5B00099615 /* FPPopUpButtonCell.h in Headers */,
				82223A041B6BFADB00099615 /* Prefix-PrefsPane.pch in Headers */,
				822239C81B6BFA6400099615 /* FPScrollerCredits.h in Headers */,
				82F04F021B77EE2300F4F952 /* FPInsetText.h in Headers */,
				822239E81B6BFA7200099615 /* FPDpadView.h in Headers */,
				822239DE1B6BFA7200099615 /* FPAlertView.h in Headers */,
				822239CA1B6BFA6400099615 /* FPTextCredits.h in Headers */,
				822239C41B6BFA6400099615 /* FPAnalogDigitalButton.h in Headers */,
				822239F31B6BFA9000099615 /* FPDataSourceApps.h in Headers */,
				822239E41B6BFA7200099615 /* FPBoxLine.h in Headers */,
				822239EE1B6BFA7200099615 /* FPTriggerView.h in Headers */,
				822239EA1B6BFA7200099615 /* FPImageView.h in Headers */,
				82223A751B6C090B00099615 /* FPSylpHIDDriverKeys.h in Headers */,
				82223A691B6C079900099615 /* SMDoubleSlider.h in Headers */,
				822239E01B6BFA7200099615 /* FPAppTableView.h in Headers */,
				82223A761B6C090B00099615 /* FPSylpHIDPrefsLoader.h in Headers */,
				822239E61B6BFA7200099615 /* FPButtonView.h in Headers */,
				822239FD1B6BFAA300099615 /* FPSylpHIDNotifier.h in Headers */,
				822239E21B6BFA7200099615 /* FPAxisPairView.h in Headers */,
				82F04EFE1B77E40200F4F952 /* NSBezierPath+String.h in Headers */,
				822239FF1B6BFAA300099615 /* FPSylpHIDPrefsPane.h in Headers */,
				822239C61B6BFA6400099615 /* FPConfigPopUp.h in Headers */,
				82223A631B6C078D00099615 /* MAAttachedWindow.h in Headers */,
			);
			runOnlyForDeploymentPostprocessing = 0;
		};
/* End PBXHeadersBuildPhase section */

/* Begin PBXNativeTarget section */
		82A0B3E61B6BD80C00653468 /* SylpHID PrefsPane */ = {
			isa = PBXNativeTarget;
			buildConfigurationList = 82A0B3F71B6BD80C00653468 /* Build configuration list for PBXNativeTarget "SylpHID PrefsPane" */;
			buildPhases = (
				82A0B3E21B6BD80C00653468 /* Sources */,
				82A0B3E31B6BD80C00653468 /* Frameworks */,
				82A0B3E41B6BD80C00653468 /* Headers */,
				82A0B3E51B6BD80C00653468 /* Resources */,
				82223A3E1B6BFEB000099615 /* ShellScript */,
			);
			buildRules = (
			);
			dependencies = (
			);
			name = "SylpHID PrefsPane";
			productName = SylpHID;
			productReference = 82A0B3E71B6BD80C00653468 /* SylpHID.prefPane */;
			productType = "com.apple.product-type.bundle";
		};
/* End PBXNativeTarget section */

/* Begin PBXProject section */
		82A0B3DE1B6BD80C00653468 /* Project object */ = {
			isa = PBXProject;
			attributes = {
				LastUpgradeCheck = 0620;
				ORGANIZATIONNAME = "FizzyPop Studios";
				TargetAttributes = {
					82A0B3E61B6BD80C00653468 = {
						CreatedOnToolsVersion = 6.2;
					};
				};
			};
			buildConfigurationList = 82A0B3E11B6BD80C00653468 /* Build configuration list for PBXProject "SylpHID PrefsPane" */;
			compatibilityVersion = "Xcode 3.2";
			developmentRegion = English;
			hasScannedForEncodings = 0;
			knownRegions = (
				en,
			);
			mainGroup = 82A0B3DD1B6BD80C00653468;
			productRefGroup = 82A0B3E81B6BD80C00653468 /* Products */;
			projectDirPath = "";
			projectRoot = "";
			targets = (
				82A0B3E61B6BD80C00653468 /* SylpHID PrefsPane */,
			);
		};
/* End PBXProject section */

/* Begin PBXResourcesBuildPhase section */
		82A0B3E51B6BD80C00653468 /* Resources */ = {
			isa = PBXResourcesBuildPhase;
			buildActionMask = 2147483647;
			files = (
				820F2C761B7666DF00C07710 /* SylpHID.icns in Resources */,
				824229831B78C55000E0D9F6 /* controllerButtonBlue.png in Resources */,
				824229951B78C55000E0D9F6 /* toggleDigital.png in Resources */,
				824229891B78C55000E0D9F6 /* controllerStick.png in Resources */,
				824229851B78C55000E0D9F6 /* controllerButtonRed.png in Resources */,
				8242298A1B78C55000E0D9F6 /* controllerTriggerLeft.png in Resources */,
				824229871B78C55000E0D9F6 /* controllerButtonWht.png in Resources */,
				824229881B78C55000E0D9F6 /* controllerButtonYellow.png in Resources */,
				824229981B78C55D00E0D9F6 /* credits.rtfd in Resources */,
				8242298E1B78C55000E0D9F6 /* iconEditTemplate.png in Resources */,
				824229821B78C55000E0D9F6 /* controllerButtonBlk.png in Resources */,
				824229901B78C55000E0D9F6 /* iconUndoTemplate.png in Resources */,
				824229861B78C55000E0D9F6 /* controllerButtonStart.png in Resources */,
				824229801B78C55000E0D9F6 /* controller.png in Resources */,
				8242298C1B78C55000E0D9F6 /* iconAppSmallTemplate.png in Resources */,
				8242298D1B78C55000E0D9F6 /* iconAppTemplate.png in Resources */,
				824229841B78C55000E0D9F6 /* controllerButtonGreen.png in Resources */,
				824229941B78C55000E0D9F6 /* toggleAnalog.png in Resources */,
				8242298F1B78C55000E0D9F6 /* iconUndoSmallTemplate.png in Resources */,
				8242298B1B78C55000E0D9F6 /* controllerTriggerRight.png in Resources */,
				824229811B78C55000E0D9F6 /* controllerButtonBack.png in Resources */,
				824229921B78C55000E0D9F6 /* logoColors.png in Resources */,
				824229911B78C55000E0D9F6 /* iconUSBTemplate.png in Resources */,
				824229681B78C54200E0D9F6 /* SylpHID.xib in Resources */,
				824229931B78C55000E0D9F6 /* logoOverlay.png in Resources */,
				824229991B78C55D00E0D9F6 /* donate.rtf in Resources */,
			);
			runOnlyForDeploymentPostprocessing = 0;
		};
/* End PBXResourcesBuildPhase section */

/* Begin PBXShellScriptBuildPhase section */
		82223A3E1B6BFEB000099615 /* ShellScript */ = {
			isa = PBXShellScriptBuildPhase;
			buildActionMask = 2147483647;
			files = (
			);
			inputPaths = (
			);
			outputPaths = (
			);
			runOnlyForDeploymentPostprocessing = 0;
			shellPath = /bin/sh;
			shellScript = "export SUDO_ASKPASS=\"/Users/$USER/Scripts/xcode_askpass.sh\"\nrm -rf \"$USER_LIBRARY_DIR/Caches/com.apple.preferencepanes.*\"\nsudo -A rm -rf \"/Library/PreferencePanes/$FULL_PRODUCT_NAME\"\ncp -R \"$BUILT_PRODUCTS_DIR/SylpHID Daemon\" \"$BUILT_PRODUCTS_DIR/$FULL_PRODUCT_NAME/Contents/MacOS/\"\ncp -R \"$BUILT_PRODUCTS_DIR/SylpHID.help\" \"$BUILT_PRODUCTS_DIR/$FULL_PRODUCT_NAME/Contents/Resources/\"\nsudo -A cp -R \"$BUILT_PRODUCTS_DIR/$FULL_PRODUCT_NAME\" \"/Library/PreferencePanes/\"\nrm -rf \"$SOURCE_ROOT/../Packaging/Products/$FULL_PRODUCT_NAME\"\ncp -R \"$BUILT_PRODUCTS_DIR/$FULL_PRODUCT_NAME\" \"$SOURCE_ROOT/../Packaging/Products/\"\nlaunchctl load /Library/LaunchAgents/com.fizzypopstudios.SylpHIDDaemon.plist\nlaunchctl start com.fizzypopstudios.SylpHIDDaemon\nopen \"/Applications/System Preferences.app\"";
			showEnvVarsInLog = 0;
		};
/* End PBXShellScriptBuildPhase section */

/* Begin PBXSourcesBuildPhase section */
		82A0B3E21B6BD80C00653468 /* Sources */ = {
			isa = PBXSourcesBuildPhase;
			buildActionMask = 2147483647;
			files = (
				822239F41B6BFA9000099615 /* FPDataSourceApps.m in Sources */,
				82223A6C1B6C079900099615 /* SMDoubleSliderCell.m in Sources */,
				82223A641B6C078D00099615 /* MAAttachedWindow.m in Sources */,
				82223A6A1B6C079900099615 /* SMDoubleSlider.m in Sources */,
				82223A741B6C090B00099615 /* FPSylpHIDDriverInterface.m in Sources */,
				822239E51B6BFA7200099615 /* FPBoxLine.m in Sources */,
				822239E91B6BFA7200099615 /* FPDpadView.m in Sources */,
				82223A001B6BFAA300099615 /* FPSylpHIDPrefsPane.m in Sources */,
				822239CB1B6BFA6400099615 /* FPTextCredits.m in Sources */,
				822239DF1B6BFA7200099615 /* FPAlertView.m in Sources */,
				822239E11B6BFA7200099615 /* FPAppTableView.m in Sources */,
				822239E31B6BFA7200099615 /* FPAxisPairView.m in Sources */,
				82223A771B6C090B00099615 /* FPSylpHIDPrefsLoader.m in Sources */,
				822239C91B6BFA6400099615 /* FPScrollerCredits.m in Sources */,
				822239C51B6BFA6400099615 /* FPAnalogDigitalButton.m in Sources */,
				822239B91B6BFA5B00099615 /* FPAppBindingCells.m in Sources */,
				822239EB1B6BFA7200099615 /* FPImageView.m in Sources */,
				822239FE1B6BFAA300099615 /* FPSylpHIDNotifier.m in Sources */,
				822239ED1B6BFA7200099615 /* FPLogoView.m in Sources */,
				822239BB1B6BFA5B00099615 /* FPPopUpButtonCell.m in Sources */,
				822239FC1B6BFAA300099615 /* FPHIDUtilities.m in Sources */,
				822239E71B6BFA7200099615 /* FPButtonView.m in Sources */,
				82F04F031B77EE2300F4F952 /* FPInsetText.m in Sources */,
				82F04EFF1B77E40200F4F952 /* NSBezierPath+String.m in Sources */,
				822239C71B6BFA6400099615 /* FPConfigPopUp.m in Sources */,
				822239EF1B6BFA7200099615 /* FPTriggerView.m in Sources */,
			);
			runOnlyForDeploymentPostprocessing = 0;
		};
/* End PBXSourcesBuildPhase section */

/* Begin PBXVariantGroup section */
		824229661B78C54200E0D9F6 /* SylpHID.xib */ = {
			isa = PBXVariantGroup;
			children = (
				824229671B78C54200E0D9F6 /* en */,
			);
			name = SylpHID.xib;
			sourceTree = "<group>";
		};
/* End PBXVariantGroup section */

/* Begin XCBuildConfiguration section */
		82A0B3F51B6BD80C00653468 /* Debug */ = {
			isa = XCBuildConfiguration;
			buildSettings = {
				ALWAYS_SEARCH_USER_PATHS = NO;
				CLANG_CXX_LANGUAGE_STANDARD = "gnu++0x";
				CLANG_CXX_LIBRARY = "libc++";
				CLANG_ENABLE_MODULES = YES;
				CLANG_ENABLE_OBJC_ARC = YES;
				CLANG_WARN_BOOL_CONVERSION = YES;
				CLANG_WARN_CONSTANT_CONVERSION = YES;
				CLANG_WARN_DIRECT_OBJC_ISA_USAGE = YES_ERROR;
				CLANG_WARN_EMPTY_BODY = YES;
				CLANG_WARN_ENUM_CONVERSION = YES;
				CLANG_WARN_INT_CONVERSION = YES;
				CLANG_WARN_OBJC_ROOT_CLASS = YES_ERROR;
				CLANG_WARN_UNREACHABLE_CODE = YES;
				CLANG_WARN__DUPLICATE_METHOD_MATCH = YES;
				COPY_PHASE_STRIP = NO;
				ENABLE_STRICT_OBJC_MSGSEND = YES;
				GCC_C_LANGUAGE_STANDARD = gnu99;
				GCC_DYNAMIC_NO_PIC = NO;
				GCC_OPTIMIZATION_LEVEL = 0;
				GCC_PREPROCESSOR_DEFINITIONS = (
					"DEBUG=1",
					"$(inherited)",
				);
				GCC_SYMBOLS_PRIVATE_EXTERN = NO;
				GCC_WARN_64_TO_32_BIT_CONVERSION = YES;
				GCC_WARN_ABOUT_RETURN_TYPE = YES_ERROR;
				GCC_WARN_UNDECLARED_SELECTOR = YES;
				GCC_WARN_UNINITIALIZED_AUTOS = YES_AGGRESSIVE;
				GCC_WARN_UNUSED_FUNCTION = YES;
				GCC_WARN_UNUSED_VARIABLE = YES;
				MACOSX_DEPLOYMENT_TARGET = 10.7;
				MTL_ENABLE_DEBUG_INFO = YES;
			};
			name = Debug;
		};
		82A0B3F61B6BD80C00653468 /* Release */ = {
			isa = XCBuildConfiguration;
			buildSettings = {
				ALWAYS_SEARCH_USER_PATHS = NO;
				CLANG_CXX_LANGUAGE_STANDARD = "gnu++0x";
				CLANG_CXX_LIBRARY = "libc++";
				CLANG_ENABLE_MODULES = YES;
				CLANG_ENABLE_OBJC_ARC = YES;
				CLANG_WARN_BOOL_CONVERSION = YES;
				CLANG_WARN_CONSTANT_CONVERSION = YES;
				CLANG_WARN_DIRECT_OBJC_ISA_USAGE = YES_ERROR;
				CLANG_WARN_EMPTY_BODY = YES;
				CLANG_WARN_ENUM_CONVERSION = YES;
				CLANG_WARN_INT_CONVERSION = YES;
				CLANG_WARN_OBJC_ROOT_CLASS = YES_ERROR;
				CLANG_WARN_UNREACHABLE_CODE = YES;
				CLANG_WARN__DUPLICATE_METHOD_MATCH = YES;
				COPY_PHASE_STRIP = NO;
				DEBUG_INFORMATION_FORMAT = "dwarf-with-dsym";
				ENABLE_NS_ASSERTIONS = NO;
				ENABLE_STRICT_OBJC_MSGSEND = YES;
				GCC_C_LANGUAGE_STANDARD = gnu99;
				GCC_WARN_64_TO_32_BIT_CONVERSION = YES;
				GCC_WARN_ABOUT_RETURN_TYPE = YES_ERROR;
				GCC_WARN_UNDECLARED_SELECTOR = YES;
				GCC_WARN_UNINITIALIZED_AUTOS = YES_AGGRESSIVE;
				GCC_WARN_UNUSED_FUNCTION = YES;
				GCC_WARN_UNUSED_VARIABLE = YES;
				MACOSX_DEPLOYMENT_TARGET = 10.7;
				MTL_ENABLE_DEBUG_INFO = NO;
			};
			name = Release;
		};
		82A0B3F81B6BD80C00653468 /* Debug */ = {
			isa = XCBuildConfiguration;
			buildSettings = {
				ALWAYS_SEARCH_USER_PATHS = YES;
				COMBINE_HIDPI_IMAGES = YES;
				GCC_PREFIX_HEADER = "Supporting Files/Prefix-PrefsPane.pch";
				INFOPLIST_FILE = "Supporting Files/Info-PrefsPane.plist";
				PRODUCT_NAME = SylpHID;
				USER_HEADER_SEARCH_PATHS = ../Source/Common;
				WRAPPER_EXTENSION = prefPane;
			};
			name = Debug;
		};
		82A0B3F91B6BD80C00653468 /* Release */ = {
			isa = XCBuildConfiguration;
			buildSettings = {
				ALWAYS_SEARCH_USER_PATHS = YES;
				COMBINE_HIDPI_IMAGES = YES;
				GCC_PREFIX_HEADER = "Supporting Files/Prefix-PrefsPane.pch";
				INFOPLIST_FILE = "Supporting Files/Info-PrefsPane.plist";
				PRODUCT_NAME = SylpHID;
				USER_HEADER_SEARCH_PATHS = ../Source/Common;
				WRAPPER_EXTENSION = prefPane;
			};
			name = Release;
		};
/* End XCBuildConfiguration section */

/* Begin XCConfigurationList section */
		82A0B3E11B6BD80C00653468 /* Build configuration list for PBXProject "SylpHID PrefsPane" */ = {
			isa = XCConfigurationList;
			buildConfigurations = (
				82A0B3F51B6BD80C00653468 /* Debug */,
				82A0B3F61B6BD80C00653468 /* Release */,
			);
			defaultConfigurationIsVisible = 0;
			defaultConfigurationName = Release;
		};
		82A0B3F71B6BD80C00653468 /* Build configuration list for PBXNativeTarget "SylpHID PrefsPane" */ = {
			isa = XCConfigurationList;
			buildConfigurations = (
				82A0B3F81B6BD80C00653468 /* Debug */,
				82A0B3F91B6BD80C00653468 /* Release */,
			);
			defaultConfigurationIsVisible = 0;
			defaultConfigurationName = Release;
		};
/* End XCConfigurationList section */
	};
	rootObject = 82A0B3DE1B6BD80C00653468 /* Project object */;
}
