// !$*UTF8*$!
{
	archiveVersion = 1;
	classes = {
	};
	objectVersion = 46;
	objects = {

/* Begin PBXBuildFile section */
		822239A01B6BF97C00099615 /* FPSylpHIDDriver.cpp in Sources */ = {isa = PBXBuildFile; fileRef = 8222399C1B6BF97C00099615 /* FPSylpHIDDriver.cpp */; };
		822239A11B6BF97C00099615 /* FPSylpHIDDriver.h in Headers */ = {isa = PBXBuildFile; fileRef = 8222399D1B6BF97C00099615 /* FPSylpHIDDriver.h */; };
		822239A21B6BF97C00099615 /* FPSylpHIDUserClient.cpp in Sources */ = {isa = PBXBuildFile; fileRef = 8222399E1B6BF97C00099615 /* FPSylpHIDUserClient.cpp */; };
		822239A31B6BF97C00099615 /* FPSylpHIDUserClient.h in Headers */ = {isa = PBXBuildFile; fileRef = 8222399F1B6BF97C00099615 /* FPSylpHIDUserClient.h */; };
/* End PBXBuildFile section */

/* Begin PBXFileReference section */
		822239981B6BF94400099615 /* Info-Driver.plist */ = {isa = PBXFileReference; fileEncoding = 4; lastKnownFileType = text.plist.xml; name = "Info-Driver.plist"; path = "Supporting Files/Info-Driver.plist"; sourceTree = SOURCE_ROOT; };
		8222399C1B6BF97C00099615 /* FPSylpHIDDriver.cpp */ = {isa = PBXFileReference; fileEncoding = 4; lastKnownFileType = sourcecode.cpp.cpp; name = FPSylpHIDDriver.cpp; path = ../Source/Driver/FPSylpHIDDriver.cpp; sourceTree = SOURCE_ROOT; };
		8222399D1B6BF97C00099615 /* FPSylpHIDDriver.h */ = {isa = PBXFileReference; fileEncoding = 4; lastKnownFileType = sourcecode.c.h; name = FPSylpHIDDriver.h; path = ../Source/Driver/FPSylpHIDDriver.h; sourceTree = SOURCE_ROOT; };
		8222399E1B6BF97C00099615 /* FPSylpHIDUserClient.cpp */ = {isa = PBXFileReference; fileEncoding = 4; lastKnownFileType = sourcecode.cpp.cpp; name = FPSylpHIDUserClient.cpp; path = ../Source/Driver/FPSylpHIDUserClient.cpp; sourceTree = SOURCE_ROOT; };
		8222399F1B6BF97C00099615 /* FPSylpHIDUserClient.h */ = {isa = PBXFileReference; fileEncoding = 4; lastKnownFileType = sourcecode.c.h; name = FPSylpHIDUserClient.h; path = ../Source/Driver/FPSylpHIDUserClient.h; sourceTree = SOURCE_ROOT; };
		82223A5C1B6C021C00099615 /* Kernel.framework */ = {isa = PBXFileReference; lastKnownFileType = wrapper.framework; name = Kernel.framework; path = System/Library/Frameworks/Kernel.framework; sourceTree = SDKROOT; };
		82A0B3CF1B6BD7BA00653468 /* SylpHID.kext */ = {isa = PBXFileReference; explicitFileType = wrapper.cfbundle; includeInIndex = 0; path = SylpHID.kext; sourceTree = BUILT_PRODUCTS_DIR; };
/* End PBXFileReference section */

/* Begin PBXFrameworksBuildPhase section */
		82A0B3CB1B6BD7BA00653468 /* Frameworks */ = {
			isa = PBXFrameworksBuildPhase;
			buildActionMask = 2147483647;
			files = (
			);
			runOnlyForDeploymentPostprocessing = 0;
		};
/* End PBXFrameworksBuildPhase section */

/* Begin PBXGroup section */
		82223A5B1B6C020100099615 /* Frameworks */ = {
			isa = PBXGroup;
			children = (
				82223A5C1B6C021C00099615 /* Kernel.framework */,
			);
			name = Frameworks;
			sourceTree = "<group>";
		};
		82A0B3C51B6BD7BA00653468 = {
			isa = PBXGroup;
			children = (
				82A0B3D11B6BD7BA00653468 /* Kext Source */,
				82A0B3D21B6BD7BA00653468 /* Supporting Files */,
				82223A5B1B6C020100099615 /* Frameworks */,
				82A0B3D01B6BD7BA00653468 /* Products */,
			);
			sourceTree = "<group>";
		};
		82A0B3D01B6BD7BA00653468 /* Products */ = {
			isa = PBXGroup;
			children = (
				82A0B3CF1B6BD7BA00653468 /* SylpHID.kext */,
			);
			name = Products;
			sourceTree = "<group>";
		};
		82A0B3D11B6BD7BA00653468 /* Kext Source */ = {
			isa = PBXGroup;
			children = (
				8222399D1B6BF97C00099615 /* FPSylpHIDDriver.h */,
				8222399C1B6BF97C00099615 /* FPSylpHIDDriver.cpp */,
				8222399F1B6BF97C00099615 /* FPSylpHIDUserClient.h */,
				8222399E1B6BF97C00099615 /* FPSylpHIDUserClient.cpp */,
			);
			name = "Kext Source";
			path = "SylpHID Driver";
			sourceTree = "<group>";
		};
		82A0B3D21B6BD7BA00653468 /* Supporting Files */ = {
			isa = PBXGroup;
			children = (
				822239981B6BF94400099615 /* Info-Driver.plist */,
			);
			name = "Supporting Files";
			path = "SylpHID Driver";
			sourceTree = "<group>";
		};
/* End PBXGroup section */

/* Begin PBXHeadersBuildPhase section */
		82A0B3CC1B6BD7BA00653468 /* Headers */ = {
			isa = PBXHeadersBuildPhase;
			buildActionMask = 2147483647;
			files = (
				822239A11B6BF97C00099615 /* FPSylpHIDDriver.h in Headers */,
				822239A31B6BF97C00099615 /* FPSylpHIDUserClient.h in Headers */,
			);
			runOnlyForDeploymentPostprocessing = 0;
		};
/* End PBXHeadersBuildPhase section */

/* Begin PBXNativeTarget section */
		82A0B3CE1B6BD7BA00653468 /* SylpHID Kext */ = {
			isa = PBXNativeTarget;
			buildConfigurationList = 82A0B3DA1B6BD7BA00653468 /* Build configuration list for PBXNativeTarget "SylpHID Kext" */;
			buildPhases = (
				82A0B3CA1B6BD7BA00653468 /* Sources */,
				82A0B3CB1B6BD7BA00653468 /* Frameworks */,
				82A0B3CC1B6BD7BA00653468 /* Headers */,
				82A0B3CD1B6BD7BA00653468 /* Resources */,
			);
			buildRules = (
			);
			dependencies = (
			);
			name = "SylpHID Kext";
			productName = "SylpHID Driver";
			productReference = 82A0B3CF1B6BD7BA00653468 /* SylpHID.kext */;
			productType = "com.apple.product-type.kernel-extension";
		};
/* End PBXNativeTarget section */

/* Begin PBXProject section */
		82A0B3C61B6BD7BA00653468 /* Project object */ = {
			isa = PBXProject;
			attributes = {
				LastUpgradeCheck = 0620;
				ORGANIZATIONNAME = "FizzyPop Studios";
				TargetAttributes = {
					82A0B3CE1B6BD7BA00653468 = {
						CreatedOnToolsVersion = 6.2;
					};
				};
			};
			buildConfigurationList = 82A0B3C91B6BD7BA00653468 /* Build configuration list for PBXProject "SylpHID Driver" */;
			compatibilityVersion = "Xcode 3.2";
			developmentRegion = English;
			hasScannedForEncodings = 0;
			knownRegions = (
				en,
			);
			mainGroup = 82A0B3C51B6BD7BA00653468;
			productRefGroup = 82A0B3D01B6BD7BA00653468 /* Products */;
			projectDirPath = "";
			projectRoot = "";
			targets = (
				82A0B3CE1B6BD7BA00653468 /* SylpHID Kext */,
			);
		};
/* End PBXProject section */

/* Begin PBXResourcesBuildPhase section */
		82A0B3CD1B6BD7BA00653468 /* Resources */ = {
			isa = PBXResourcesBuildPhase;
			buildActionMask = 2147483647;
			files = (
			);
			runOnlyForDeploymentPostprocessing = 0;
		};
/* End PBXResourcesBuildPhase section */

/* Begin PBXSourcesBuildPhase section */
		82A0B3CA1B6BD7BA00653468 /* Sources */ = {
			isa = PBXSourcesBuildPhase;
			buildActionMask = 2147483647;
			files = (
				822239A01B6BF97C00099615 /* FPSylpHIDDriver.cpp in Sources */,
				822239A21B6BF97C00099615 /* FPSylpHIDUserClient.cpp in Sources */,
			);
			runOnlyForDeploymentPostprocessing = 0;
		};
/* End PBXSourcesBuildPhase section */

/* Begin XCBuildConfiguration section */
		82A0B3D81B6BD7BA00653468 /* Debug */ = {
			isa = XCBuildConfiguration;
			buildSettings = {
				ALWAYS_SEARCH_USER_PATHS = YES;
				CLANG_CXX_LANGUAGE_STANDARD = "gnu++0x";
				CLANG_CXX_LIBRARY = "libc++";
				CLANG_ENABLE_MODULES = YES;
				CLANG_ENABLE_OBJC_ARC = YES;
				CLANG_WARN_BOOL_CONVERSION = YES;
				CLANG_WARN_CONSTANT_CONVERSION = YES;
				CLANG_WARN_DIRECT_OBJC_ISA_USAGE = YES_ERROR;
				CLANG_WARN_EMPTY_BODY = YES;
				CLANG_WARN_ENUM_CONVERSION = YES;
				CLANG_WARN_INT_CONVERSION = YES;
				CLANG_WARN_OBJC_ROOT_CLASS = YES_ERROR;
				CLANG_WARN_UNREACHABLE_CODE = YES;
				CLANG_WARN__DUPLICATE_METHOD_MATCH = YES;
				COPY_PHASE_STRIP = NO;
				ENABLE_STRICT_OBJC_MSGSEND = YES;
				GCC_C_LANGUAGE_STANDARD = gnu99;
				GCC_DYNAMIC_NO_PIC = NO;
				GCC_OPTIMIZATION_LEVEL = 0;
				GCC_PREPROCESSOR_DEFINITIONS = (
					"DEBUG=1",
					"$(inherited)",
				);
				GCC_SYMBOLS_PRIVATE_EXTERN = NO;
				GCC_WARN_64_TO_32_BIT_CONVERSION = YES;
				GCC_WARN_ABOUT_RETURN_TYPE = YES_ERROR;
				GCC_WARN_UNDECLARED_SELECTOR = YES;
				GCC_WARN_UNINITIALIZED_AUTOS = YES_AGGRESSIVE;
				GCC_WARN_UNUSED_FUNCTION = YES;
				GCC_WARN_UNUSED_VARIABLE = YES;
				MACOSX_DEPLOYMENT_TARGET = 10.7;
				MTL_ENABLE_DEBUG_INFO = YES;
				PRODUCT_NAME = SylpHID;
				USER_HEADER_SEARCH_PATHS = ../Source/Common;
			};
			name = Debug;
		};
		82A0B3D91B6BD7BA00653468 /* Release */ = {
			isa = XCBuildConfiguration;
			buildSettings = {
				ALWAYS_SEARCH_USER_PATHS = YES;
				CLANG_CXX_LANGUAGE_STANDARD = "gnu++0x";
				CLANG_CXX_LIBRARY = "libc++";
				CLANG_ENABLE_MODULES = YES;
				CLANG_ENABLE_OBJC_ARC = YES;
				CLANG_WARN_BOOL_CONVERSION = YES;
				CLANG_WARN_CONSTANT_CONVERSION = YES;
				CLANG_WARN_DIRECT_OBJC_ISA_USAGE = YES_ERROR;
				CLANG_WARN_EMPTY_BODY = YES;
				CLANG_WARN_ENUM_CONVERSION = YES;
				CLANG_WARN_INT_CONVERSION = YES;
				CLANG_WARN_OBJC_ROOT_CLASS = YES_ERROR;
				CLANG_WARN_UNREACHABLE_CODE = YES;
				CLANG_WARN__DUPLICATE_METHOD_MATCH = YES;
				COPY_PHASE_STRIP = NO;
				DEBUG_INFORMATION_FORMAT = "dwarf-with-dsym";
				ENABLE_NS_ASSERTIONS = NO;
				ENABLE_STRICT_OBJC_MSGSEND = YES;
				GCC_C_LANGUAGE_STANDARD = gnu99;
				GCC_WARN_64_TO_32_BIT_CONVERSION = YES;
				GCC_WARN_ABOUT_RETURN_TYPE = YES_ERROR;
				GCC_WARN_UNDECLARED_SELECTOR = YES;
				GCC_WARN_UNINITIALIZED_AUTOS = YES_AGGRESSIVE;
				GCC_WARN_UNUSED_FUNCTION = YES;
				GCC_WARN_UNUSED_VARIABLE = YES;
				MACOSX_DEPLOYMENT_TARGET = 10.7;
				MTL_ENABLE_DEBUG_INFO = NO;
				PRODUCT_NAME = SylpHID;
				USER_HEADER_SEARCH_PATHS = ../Source/Common;
			};
			name = Release;
		};
		82A0B3DB1B6BD7BA00653468 /* Debug */ = {
			isa = XCBuildConfiguration;
			buildSettings = {
				COMBINE_HIDPI_IMAGES = YES;
				CURRENT_PROJECT_VERSION = 1.0.0d1;
				INFOPLIST_FILE = "Supporting Files/Info-Driver.plist";
				MODULE_NAME = com.fizzypopstudios.SylpHID.driver;
				MODULE_VERSION = 1.0.0d1;
				PRODUCT_NAME = SylpHID;
				WRAPPER_EXTENSION = kext;
			};
			name = Debug;
		};
		82A0B3DC1B6BD7BA00653468 /* Release */ = {
			isa = XCBuildConfiguration;
			buildSettings = {
				COMBINE_HIDPI_IMAGES = YES;
				CURRENT_PROJECT_VERSION = 1.0.0d1;
				INFOPLIST_FILE = "Supporting Files/Info-Driver.plist";
				MODULE_NAME = com.fizzypopstudios.SylpHID.driver;
				MODULE_VERSION = 1.0.0d1;
				PRODUCT_NAME = SylpHID;
				WRAPPER_EXTENSION = kext;
			};
			name = Release;
		};
/* End XCBuildConfiguration section */

/* Begin XCConfigurationList section */
		82A0B3C91B6BD7BA00653468 /* Build configuration list for PBXProject "SylpHID Driver" */ = {
			isa = XCConfigurationList;
			buildConfigurations = (
				82A0B3D81B6BD7BA00653468 /* Debug */,
				82A0B3D91B6BD7BA00653468 /* Release */,
			);
			defaultConfigurationIsVisible = 0;
			defaultConfigurationName = Release;
		};
		82A0B3DA1B6BD7BA00653468 /* Build configuration list for PBXNativeTarget "SylpHID Kext" */ = {
			isa = XCConfigurationList;
			buildConfigurations = (
				82A0B3DB1B6BD7BA00653468 /* Debug */,
				82A0B3DC1B6BD7BA00653468 /* Release */,
			);
			defaultConfigurationIsVisible = 0;
			defaultConfigurationName = Release;
		};
/* End XCConfigurationList section */
	};
	rootObject = 82A0B3C61B6BD7BA00653468 /* Project object */;
}
