// !$*UTF8*$!
{
	archiveVersion = 1;
	classes = {
	};
	objectVersion = 46;
	objects = {

/* Begin PBXBuildFile section */
		824229601B7897D200E0D9F6 /* SylpHID.html in Resources */ = {isa = PBXBuildFile; fileRef = 8242295E1B7897D200E0D9F6 /* SylpHID.html */; };
		824229621B78984900E0D9F6 /* SylpHID.icns in Resources */ = {isa = PBXBuildFile; fileRef = 824229611B78984900E0D9F6 /* SylpHID.icns */; };
		8242299E1B78DFB100E0D9F6 /* SylpHID.css in Resources */ = {isa = PBXBuildFile; fileRef = 8242299D1B78DFB100E0D9F6 /* SylpHID.css */; };
		827B9AAC1B78EEDF005DC99A /* titlelogo.png in Resources */ = {isa = PBXBuildFile; fileRef = 827B9AAB1B78EEDF005DC99A /* titlelogo.png */; };
		827B9AAF1B78F621005DC99A /* fizzypop.png in Resources */ = {isa = PBXBuildFile; fileRef = 827B9AAE1B78F621005DC99A /* fizzypop.png */; };
/* End PBXBuildFile section */

/* Begin PBXFileReference section */
		8242294C1B78954500E0D9F6 /* SylpHID.help */ = {isa = PBXFileReference; explicitFileType = wrapper.cfbundle; includeInIndex = 0; path = SylpHID.help; sourceTree = BUILT_PRODUCTS_DIR; };
		824229561B78962C00E0D9F6 /* Info-Help.plist */ = {isa = PBXFileReference; fileEncoding = 4; lastKnownFileType = text.plist.xml; name = "Info-Help.plist"; path = "Supporting Files/Info-Help.plist"; sourceTree = SOURCE_ROOT; };
		8242295F1B7897D200E0D9F6 /* en */ = {isa = PBXFileReference; lastKnownFileType = text.html; name = en; path = SylpHID.html; sourceTree = "<group>"; };
		824229611B78984900E0D9F6 /* SylpHID.icns */ = {isa = PBXFileReference; lastKnownFileType = image.icns; name = SylpHID.icns; path = ../Resources/SylpHID.icns; sourceTree = "<group>"; };
		8242299D1B78DFB100E0D9F6 /* SylpHID.css */ = {isa = PBXFileReference; fileEncoding = 4; lastKnownFileType = text.css; path = SylpHID.css; sourceTree = "<group>"; };
		8242299F1B78DFC400E0D9F6 /* _reset.scss */ = {isa = PBXFileReference; lastKnownFileType = text; path = _reset.scss; sourceTree = "<group>"; };
		824229A01B78DFC400E0D9F6 /* SylpHID.scss */ = {isa = PBXFileReference; lastKnownFileType = text; path = SylpHID.scss; sourceTree = "<group>"; };
		827B9AA91B78E8F8005DC99A /* _common.scss */ = {isa = PBXFileReference; fileEncoding = 4; lastKnownFileType = text; path = _common.scss; sourceTree = "<group>"; xcLanguageSpecificationIdentifier = xcode.lang.sass; };
		827B9AAB1B78EEDF005DC99A /* titlelogo.png */ = {isa = PBXFileReference; lastKnownFileType = image.png; path = titlelogo.png; sourceTree = "<group>"; };
		827B9AAD1B78EFF0005DC99A /* _partials.scss */ = {isa = PBXFileReference; lastKnownFileType = text; path = _partials.scss; sourceTree = "<group>"; };
		827B9AAE1B78F621005DC99A /* fizzypop.png */ = {isa = PBXFileReference; lastKnownFileType = image.png; path = fizzypop.png; sourceTree = "<group>"; };
/* End PBXFileReference section */

/* Begin PBXFrameworksBuildPhase section */
		824229491B78954500E0D9F6 /* Frameworks */ = {
			isa = PBXFrameworksBuildPhase;
			buildActionMask = 2147483647;
			files = (
			);
			runOnlyForDeploymentPostprocessing = 0;
		};
/* End PBXFrameworksBuildPhase section */

/* Begin PBXGroup section */
		824229431B78954500E0D9F6 = {
			isa = PBXGroup;
			children = (
				824229581B78976D00E0D9F6 /* Resources */,
				8242294F1B78954500E0D9F6 /* Supporting Files */,
				8242294D1B78954500E0D9F6 /* Products */,
			);
			sourceTree = "<group>";
		};
		8242294D1B78954500E0D9F6 /* Products */ = {
			isa = PBXGroup;
			children = (
				8242294C1B78954500E0D9F6 /* SylpHID.help */,
			);
			name = Products;
			sourceTree = "<group>";
		};
		8242294F1B78954500E0D9F6 /* Supporting Files */ = {
			isa = PBXGroup;
			children = (
				824229561B78962C00E0D9F6 /* Info-Help.plist */,
			);
			name = "Supporting Files";
			path = "SylpHID Help";
			sourceTree = "<group>";
		};
		824229581B78976D00E0D9F6 /* Resources */ = {
			isa = PBXGroup;
			children = (
				8242299B1B78DB8100E0D9F6 /* Sass */,
				8242299A1B78D92400E0D9F6 /* Common */,
				8242299C1B78DB9B00E0D9F6 /* Images */,
				8242295B1B7897D200E0D9F6 /* Pages */,
				8242295E1B7897D200E0D9F6 /* SylpHID.html */,
				824229611B78984900E0D9F6 /* SylpHID.icns */,
			);
			name = Resources;
			sourceTree = "<group>";
		};
		8242295B1B7897D200E0D9F6 /* Pages */ = {
			isa = PBXGroup;
			children = (
			);
			name = Pages;
			path = ../Resources/Help/en.lproj/Pages;
			sourceTree = "<group>";
		};
		8242299A1B78D92400E0D9F6 /* Common */ = {
			isa = PBXGroup;
			children = (
				827B9AAB1B78EEDF005DC99A /* titlelogo.png */,
				827B9AAE1B78F621005DC99A /* fizzypop.png */,
				8242299D1B78DFB100E0D9F6 /* SylpHID.css */,
			);
			name = Common;
			path = ../Resources/Help/Common;
			sourceTree = "<group>";
		};
		8242299B1B78DB8100E0D9F6 /* Sass */ = {
			isa = PBXGroup;
			children = (
				827B9AA91B78E8F8005DC99A /* _common.scss */,
				8242299F1B78DFC400E0D9F6 /* _reset.scss */,
				827B9AAD1B78EFF0005DC99A /* _partials.scss */,
				824229A01B78DFC400E0D9F6 /* SylpHID.scss */,
			);
			name = Sass;
			path = ../Resources/Help/Sass;
			sourceTree = "<group>";
		};
		8242299C1B78DB9B00E0D9F6 /* Images */ = {
			isa = PBXGroup;
			children = (
			);
			name = Images;
			path = ../Resources/Help/en.lproj/Images;
			sourceTree = "<group>";
		};
/* End PBXGroup section */

/* Begin PBXNativeTarget section */
		8242294B1B78954500E0D9F6 /* SylpHID Help */ = {
			isa = PBXNativeTarget;
			buildConfigurationList = 824229531B78954500E0D9F6 /* Build configuration list for PBXNativeTarget "SylpHID Help" */;
			buildPhases = (
				824229481B78954500E0D9F6 /* Sources */,
				824229491B78954500E0D9F6 /* Frameworks */,
				827B9AA81B78E119005DC99A /* Run Script */,
				8242294A1B78954500E0D9F6 /* Resources */,
				824229631B789F8200E0D9F6 /* ShellScript */,
			);
			buildRules = (
			);
			dependencies = (
			);
			name = "SylpHID Help";
			productName = "SylpHID Help";
			productReference = 8242294C1B78954500E0D9F6 /* SylpHID.help */;
			productType = "com.apple.product-type.bundle";
		};
/* End PBXNativeTarget section */

/* Begin PBXProject section */
		824229441B78954500E0D9F6 /* Project object */ = {
			isa = PBXProject;
			attributes = {
				LastUpgradeCheck = 0620;
				ORGANIZATIONNAME = "FizzyPop Studios";
				TargetAttributes = {
					8242294B1B78954500E0D9F6 = {
						CreatedOnToolsVersion = 6.2;
					};
				};
			};
			buildConfigurationList = 824229471B78954500E0D9F6 /* Build configuration list for PBXProject "SylpHID Help" */;
			compatibilityVersion = "Xcode 3.2";
			developmentRegion = English;
			hasScannedForEncodings = 0;
			knownRegions = (
				en,
			);
			mainGroup = 824229431B78954500E0D9F6;
			productRefGroup = 8242294D1B78954500E0D9F6 /* Products */;
			projectDirPath = "";
			projectRoot = "";
			targets = (
				8242294B1B78954500E0D9F6 /* SylpHID Help */,
			);
		};
/* End PBXProject section */

/* Begin PBXResourcesBuildPhase section */
		8242294A1B78954500E0D9F6 /* Resources */ = {
			isa = PBXResourcesBuildPhase;
			buildActionMask = 2147483647;
			files = (
				824229621B78984900E0D9F6 /* SylpHID.icns in Resources */,
				8242299E1B78DFB100E0D9F6 /* SylpHID.css in Resources */,
				824229601B7897D200E0D9F6 /* SylpHID.html in Resources */,
				827B9AAC1B78EEDF005DC99A /* titlelogo.png in Resources */,
				827B9AAF1B78F621005DC99A /* fizzypop.png in Resources */,
			);
			runOnlyForDeploymentPostprocessing = 0;
		};
/* End PBXResourcesBuildPhase section */

/* Begin PBXShellScriptBuildPhase section */
		824229631B789F8200E0D9F6 /* ShellScript */ = {
			isa = PBXShellScriptBuildPhase;
			buildActionMask = 2147483647;
			files = (
			);
			inputPaths = (
			);
			outputPaths = (
			);
			runOnlyForDeploymentPostprocessing = 0;
			shellPath = /bin/sh;
			shellScript = "hiutil -C -v -a -l en -s en -f \"$BUILT_PRODUCTS_DIR/$FULL_PRODUCT_NAME/Contents/Resources/en.lproj/SylpHID.helpindex\" \"$BUILT_PRODUCTS_DIR/$FULL_PRODUCT_NAME\"\nkillall \"HelpViewer\"\nlaunchctl stop com.apple.helpd\nrm -rf \"/Users/$USER/Library/Preferences/com.apple.help\"*\nrm -rf \"/Users/$USER/Library/Caches/com.apple.help\"*\nlaunchctl start com.apple.helpd";
			showEnvVarsInLog = 0;
		};
		827B9AA81B78E119005DC99A /* Run Script */ = {
			isa = PBXShellScriptBuildPhase;
			buildActionMask = 2147483647;
			files = (
			);
			inputPaths = (
			);
			name = "Run Script";
			outputPaths = (
			);
			runOnlyForDeploymentPostprocessing = 0;
			shellPath = /bin/sh;
			shellScript = "sass --scss --update \"$SOURCE_ROOT/../Resources/Help/Sass\":\"$SOURCE_ROOT/../Resources/Help/Common\" --style compressed --sourcemap=none --no-cache --stop-on-error";
			showEnvVarsInLog = 0;
		};
/* End PBXShellScriptBuildPhase section */

/* Begin PBXSourcesBuildPhase section */
		824229481B78954500E0D9F6 /* Sources */ = {
			isa = PBXSourcesBuildPhase;
			buildActionMask = 2147483647;
			files = (
			);
			runOnlyForDeploymentPostprocessing = 0;
		};
/* End PBXSourcesBuildPhase section */

/* Begin PBXVariantGroup section */
		8242295E1B7897D200E0D9F6 /* SylpHID.html */ = {
			isa = PBXVariantGroup;
			children = (
				8242295F1B7897D200E0D9F6 /* en */,
			);
			name = SylpHID.html;
			path = ../Resources/Help/en.lproj;
			sourceTree = "<group>";
		};
/* End PBXVariantGroup section */

/* Begin XCBuildConfiguration section */
		824229511B78954500E0D9F6 /* Debug */ = {
			isa = XCBuildConfiguration;
			buildSettings = {
				ALWAYS_SEARCH_USER_PATHS = NO;
				CLANG_CXX_LANGUAGE_STANDARD = "gnu++0x";
				CLANG_CXX_LIBRARY = "libc++";
				CLANG_ENABLE_MODULES = YES;
				CLANG_ENABLE_OBJC_ARC = YES;
				CLANG_WARN_BOOL_CONVERSION = YES;
				CLANG_WARN_CONSTANT_CONVERSION = YES;
				CLANG_WARN_DIRECT_OBJC_ISA_USAGE = YES_ERROR;
				CLANG_WARN_EMPTY_BODY = YES;
				CLANG_WARN_ENUM_CONVERSION = YES;
				CLANG_WARN_INT_CONVERSION = YES;
				CLANG_WARN_OBJC_ROOT_CLASS = YES_ERROR;
				CLANG_WARN_UNREACHABLE_CODE = YES;
				CLANG_WARN__DUPLICATE_METHOD_MATCH = YES;
				COPY_PHASE_STRIP = NO;
				ENABLE_STRICT_OBJC_MSGSEND = YES;
				GCC_C_LANGUAGE_STANDARD = gnu99;
				GCC_DYNAMIC_NO_PIC = NO;
				GCC_OPTIMIZATION_LEVEL = 0;
				GCC_PREPROCESSOR_DEFINITIONS = (
					"DEBUG=1",
					"$(inherited)",
				);
				GCC_SYMBOLS_PRIVATE_EXTERN = NO;
				GCC_WARN_64_TO_32_BIT_CONVERSION = YES;
				GCC_WARN_ABOUT_RETURN_TYPE = YES_ERROR;
				GCC_WARN_UNDECLARED_SELECTOR = YES;
				GCC_WARN_UNINITIALIZED_AUTOS = YES_AGGRESSIVE;
				GCC_WARN_UNUSED_FUNCTION = YES;
				GCC_WARN_UNUSED_VARIABLE = YES;
				MACOSX_DEPLOYMENT_TARGET = 10.7;
				MTL_ENABLE_DEBUG_INFO = YES;
			};
			name = Debug;
		};
		824229521B78954500E0D9F6 /* Release */ = {
			isa = XCBuildConfiguration;
			buildSettings = {
				ALWAYS_SEARCH_USER_PATHS = NO;
				CLANG_CXX_LANGUAGE_STANDARD = "gnu++0x";
				CLANG_CXX_LIBRARY = "libc++";
				CLANG_ENABLE_MODULES = YES;
				CLANG_ENABLE_OBJC_ARC = YES;
				CLANG_WARN_BOOL_CONVERSION = YES;
				CLANG_WARN_CONSTANT_CONVERSION = YES;
				CLANG_WARN_DIRECT_OBJC_ISA_USAGE = YES_ERROR;
				CLANG_WARN_EMPTY_BODY = YES;
				CLANG_WARN_ENUM_CONVERSION = YES;
				CLANG_WARN_INT_CONVERSION = YES;
				CLANG_WARN_OBJC_ROOT_CLASS = YES_ERROR;
				CLANG_WARN_UNREACHABLE_CODE = YES;
				CLANG_WARN__DUPLICATE_METHOD_MATCH = YES;
				COPY_PHASE_STRIP = NO;
				DEBUG_INFORMATION_FORMAT = "dwarf-with-dsym";
				ENABLE_NS_ASSERTIONS = NO;
				ENABLE_STRICT_OBJC_MSGSEND = YES;
				GCC_C_LANGUAGE_STANDARD = gnu99;
				GCC_WARN_64_TO_32_BIT_CONVERSION = YES;
				GCC_WARN_ABOUT_RETURN_TYPE = YES_ERROR;
				GCC_WARN_UNDECLARED_SELECTOR = YES;
				GCC_WARN_UNINITIALIZED_AUTOS = YES_AGGRESSIVE;
				GCC_WARN_UNUSED_FUNCTION = YES;
				GCC_WARN_UNUSED_VARIABLE = YES;
				MACOSX_DEPLOYMENT_TARGET = 10.7;
				MTL_ENABLE_DEBUG_INFO = NO;
			};
			name = Release;
		};
		824229541B78954500E0D9F6 /* Debug */ = {
			isa = XCBuildConfiguration;
			buildSettings = {
				COMBINE_HIDPI_IMAGES = YES;
				INFOPLIST_FILE = "Supporting Files/Info-Help.plist";
				INSTALL_PATH = "$(LOCAL_LIBRARY_DIR)/Bundles";
				PRODUCT_MODULE_NAME = SylpHID;
				PRODUCT_NAME = SylpHID;
				SKIP_INSTALL = YES;
				WRAPPER_EXTENSION = help;
			};
			name = Debug;
		};
		824229551B78954500E0D9F6 /* Release */ = {
			isa = XCBuildConfiguration;
			buildSettings = {
				COMBINE_HIDPI_IMAGES = YES;
				INFOPLIST_FILE = "Supporting Files/Info-Help.plist";
				INSTALL_PATH = "$(LOCAL_LIBRARY_DIR)/Bundles";
				PRODUCT_MODULE_NAME = SylpHID;
				PRODUCT_NAME = SylpHID;
				SKIP_INSTALL = YES;
				WRAPPER_EXTENSION = help;
			};
			name = Release;
		};
/* End XCBuildConfiguration section */

/* Begin XCConfigurationList section */
		824229471B78954500E0D9F6 /* Build configuration list for PBXProject "SylpHID Help" */ = {
			isa = XCConfigurationList;
			buildConfigurations = (
				824229511B78954500E0D9F6 /* Debug */,
				824229521B78954500E0D9F6 /* Release */,
			);
			defaultConfigurationIsVisible = 0;
			defaultConfigurationName = Release;
		};
		824229531B78954500E0D9F6 /* Build configuration list for PBXNativeTarget "SylpHID Help" */ = {
			isa = XCConfigurationList;
			buildConfigurations = (
				824229541B78954500E0D9F6 /* Debug */,
				824229551B78954500E0D9F6 /* Release */,
			);
			defaultConfigurationIsVisible = 0;
			defaultConfigurationName = Release;
		};
/* End XCConfigurationList section */
	};
	rootObject = 824229441B78954500E0D9F6 /* Project object */;
}
